// !$*UTF8*$!
{
	archiveVersion = 1;
	classes = {
	};
	objectVersion = 56;
	objects = {

/* Begin PBXBuildFile section */
		C239F0D22B82B66C0020CCEC /* SwiftDataProjectApp.swift in Sources */ = {isa = PBXBuildFile; fileRef = C239F0D12B82B66C0020CCEC /* SwiftDataProjectApp.swift */; };
		C239F0D42B82B66C0020CCEC /* ContentView.swift in Sources */ = {isa = PBXBuildFile; fileRef = C239F0D32B82B66C0020CCEC /* ContentView.swift */; };
		C239F0D62B82B66E0020CCEC /* Assets.xcassets in Resources */ = {isa = PBXBuildFile; fileRef = C239F0D52B82B66E0020CCEC /* Assets.xcassets */; };
		C239F0D92B82B66E0020CCEC /* Preview Assets.xcassets in Resources */ = {isa = PBXBuildFile; fileRef = C239F0D82B82B66E0020CCEC /* Preview Assets.xcassets */; };
		C239F0E32B82B66E0020CCEC /* SwiftDataProjectTests.swift in Sources */ = {isa = PBXBuildFile; fileRef = C239F0E22B82B66E0020CCEC /* SwiftDataProjectTests.swift */; };
		C239F0ED2B82B66E0020CCEC /* SwiftDataProjectUITests.swift in Sources */ = {isa = PBXBuildFile; fileRef = C239F0EC2B82B66E0020CCEC /* SwiftDataProjectUITests.swift */; };
		C239F0EF2B82B66E0020CCEC /* SwiftDataProjectUITestsLaunchTests.swift in Sources */ = {isa = PBXBuildFile; fileRef = C239F0EE2B82B66E0020CCEC /* SwiftDataProjectUITestsLaunchTests.swift */; };
		C25336E52B83E319004140B3 /* User.swift in Sources */ = {isa = PBXBuildFile; fileRef = C25336E42B83E319004140B3 /* User.swift */; };
/* End PBXBuildFile section */

/* Begin PBXContainerItemProxy section */
		C239F0DF2B82B66E0020CCEC /* PBXContainerItemProxy */ = {
			isa = PBXContainerItemProxy;
			containerPortal = C239F0C62B82B66C0020CCEC /* Project object */;
			proxyType = 1;
			remoteGlobalIDString = C239F0CD2B82B66C0020CCEC;
			remoteInfo = SwiftDataProject;
		};
		C239F0E92B82B66E0020CCEC /* PBXContainerItemProxy */ = {
			isa = PBXContainerItemProxy;
			containerPortal = C239F0C62B82B66C0020CCEC /* Project object */;
			proxyType = 1;
			remoteGlobalIDString = C239F0CD2B82B66C0020CCEC;
			remoteInfo = SwiftDataProject;
		};
/* End PBXContainerItemProxy section */

/* Begin PBXFileReference section */
		C239F0CE2B82B66C0020CCEC /* SwiftDataProject.app */ = {isa = PBXFileReference; explicitFileType = wrapper.application; includeInIndex = 0; path = SwiftDataProject.app; sourceTree = BUILT_PRODUCTS_DIR; };
		C239F0D12B82B66C0020CCEC /* SwiftDataProjectApp.swift */ = {isa = PBXFileReference; lastKnownFileType = sourcecode.swift; path = SwiftDataProjectApp.swift; sourceTree = "<group>"; };
		C239F0D32B82B66C0020CCEC /* ContentView.swift */ = {isa = PBXFileReference; lastKnownFileType = sourcecode.swift; path = ContentView.swift; sourceTree = "<group>"; };
		C239F0D52B82B66E0020CCEC /* Assets.xcassets */ = {isa = PBXFileReference; lastKnownFileType = folder.assetcatalog; path = Assets.xcassets; sourceTree = "<group>"; };
		C239F0D82B82B66E0020CCEC /* Preview Assets.xcassets */ = {isa = PBXFileReference; lastKnownFileType = folder.assetcatalog; path = "Preview Assets.xcassets"; sourceTree = "<group>"; };
		C239F0DE2B82B66E0020CCEC /* SwiftDataProjectTests.xctest */ = {isa = PBXFileReference; explicitFileType = wrapper.cfbundle; includeInIndex = 0; path = SwiftDataProjectTests.xctest; sourceTree = BUILT_PRODUCTS_DIR; };
		C239F0E22B82B66E0020CCEC /* SwiftDataProjectTests.swift */ = {isa = PBXFileReference; lastKnownFileType = sourcecode.swift; path = SwiftDataProjectTests.swift; sourceTree = "<group>"; };
		C239F0E82B82B66E0020CCEC /* SwiftDataProjectUITests.xctest */ = {isa = PBXFileReference; explicitFileType = wrapper.cfbundle; includeInIndex = 0; path = SwiftDataProjectUITests.xctest; sourceTree = BUILT_PRODUCTS_DIR; };
		C239F0EC2B82B66E0020CCEC /* SwiftDataProjectUITests.swift */ = {isa = PBXFileReference; lastKnownFileType = sourcecode.swift; path = SwiftDataProjectUITests.swift; sourceTree = "<group>"; };
		C239F0EE2B82B66E0020CCEC /* SwiftDataProjectUITestsLaunchTests.swift */ = {isa = PBXFileReference; lastKnownFileType = sourcecode.swift; path = SwiftDataProjectUITestsLaunchTests.swift; sourceTree = "<group>"; };
		C25336E42B83E319004140B3 /* User.swift */ = {isa = PBXFileReference; lastKnownFileType = sourcecode.swift; path = User.swift; sourceTree = "<group>"; };
/* End PBXFileReference section */

/* Begin PBXFrameworksBuildPhase section */
		C239F0CB2B82B66C0020CCEC /* Frameworks */ = {
			isa = PBXFrameworksBuildPhase;
			buildActionMask = 2147483647;
			files = (
			);
			runOnlyForDeploymentPostprocessing = 0;
		};
		C239F0DB2B82B66E0020CCEC /* Frameworks */ = {
			isa = PBXFrameworksBuildPhase;
			buildActionMask = 2147483647;
			files = (
			);
			runOnlyForDeploymentPostprocessing = 0;
		};
		C239F0E52B82B66E0020CCEC /* Frameworks */ = {
			isa = PBXFrameworksBuildPhase;
			buildActionMask = 2147483647;
			files = (
			);
			runOnlyForDeploymentPostprocessing = 0;
		};
/* End PBXFrameworksBuildPhase section */

/* Begin PBXGroup section */
		C239F0C52B82B66C0020CCEC = {
			isa = PBXGroup;
			children = (
				C25336E42B83E319004140B3 /* User.swift */,
				C239F0D02B82B66C0020CCEC /* SwiftDataProject */,
				C239F0E12B82B66E0020CCEC /* SwiftDataProjectTests */,
				C239F0EB2B82B66E0020CCEC /* SwiftDataProjectUITests */,
				C239F0CF2B82B66C0020CCEC /* Products */,
			);
			sourceTree = "<group>";
		};
		C239F0CF2B82B66C0020CCEC /* Products */ = {
			isa = PBXGroup;
			children = (
				C239F0CE2B82B66C0020CCEC /* SwiftDataProject.app */,
				C239F0DE2B82B66E0020CCEC /* SwiftDataProjectTests.xctest */,
				C239F0E82B82B66E0020CCEC /* SwiftDataProjectUITests.xctest */,
			);
			name = Products;
			sourceTree = "<group>";
		};
		C239F0D02B82B66C0020CCEC /* SwiftDataProject */ = {
			isa = PBXGroup;
			children = (
				C239F0D12B82B66C0020CCEC /* SwiftDataProjectApp.swift */,
				C239F0D32B82B66C0020CCEC /* ContentView.swift */,
				C239F0D52B82B66E0020CCEC /* Assets.xcassets */,
				C239F0D72B82B66E0020CCEC /* Preview Content */,
			);
			path = SwiftDataProject;
			sourceTree = "<group>";
		};
		C239F0D72B82B66E0020CCEC /* Preview Content */ = {
			isa = PBXGroup;
			children = (
				C239F0D82B82B66E0020CCEC /* Preview Assets.xcassets */,
			);
			path = "Preview Content";
			sourceTree = "<group>";
		};
		C239F0E12B82B66E0020CCEC /* SwiftDataProjectTests */ = {
			isa = PBXGroup;
			children = (
				C239F0E22B82B66E0020CCEC /* SwiftDataProjectTests.swift */,
			);
			path = SwiftDataProjectTests;
			sourceTree = "<group>";
		};
		C239F0EB2B82B66E0020CCEC /* SwiftDataProjectUITests */ = {
			isa = PBXGroup;
			children = (
				C239F0EC2B82B66E0020CCEC /* SwiftDataProjectUITests.swift */,
				C239F0EE2B82B66E0020CCEC /* SwiftDataProjectUITestsLaunchTests.swift */,
			);
			path = SwiftDataProjectUITests;
			sourceTree = "<group>";
		};
/* End PBXGroup section */

/* Begin PBXNativeTarget section */
		C239F0CD2B82B66C0020CCEC /* SwiftDataProject */ = {
			isa = PBXNativeTarget;
			buildConfigurationList = C239F0F22B82B66E0020CCEC /* Build configuration list for PBXNativeTarget "SwiftDataProject" */;
			buildPhases = (
				C239F0CA2B82B66C0020CCEC /* Sources */,
				C239F0CB2B82B66C0020CCEC /* Frameworks */,
				C239F0CC2B82B66C0020CCEC /* Resources */,
			);
			buildRules = (
			);
			dependencies = (
			);
			name = SwiftDataProject;
			productName = SwiftDataProject;
			productReference = C239F0CE2B82B66C0020CCEC /* SwiftDataProject.app */;
			productType = "com.apple.product-type.application";
		};
		C239F0DD2B82B66E0020CCEC /* SwiftDataProjectTests */ = {
			isa = PBXNativeTarget;
			buildConfigurationList = C239F0F52B82B66E0020CCEC /* Build configuration list for PBXNativeTarget "SwiftDataProjectTests" */;
			buildPhases = (
				C239F0DA2B82B66E0020CCEC /* Sources */,
				C239F0DB2B82B66E0020CCEC /* Frameworks */,
				C239F0DC2B82B66E0020CCEC /* Resources */,
			);
			buildRules = (
			);
			dependencies = (
				C239F0E02B82B66E0020CCEC /* PBXTargetDependency */,
			);
			name = SwiftDataProjectTests;
			productName = SwiftDataProjectTests;
			productReference = C239F0DE2B82B66E0020CCEC /* SwiftDataProjectTests.xctest */;
			productType = "com.apple.product-type.bundle.unit-test";
		};
		C239F0E72B82B66E0020CCEC /* SwiftDataProjectUITests */ = {
			isa = PBXNativeTarget;
			buildConfigurationList = C239F0F82B82B66E0020CCEC /* Build configuration list for PBXNativeTarget "SwiftDataProjectUITests" */;
			buildPhases = (
				C239F0E42B82B66E0020CCEC /* Sources */,
				C239F0E52B82B66E0020CCEC /* Frameworks */,
				C239F0E62B82B66E0020CCEC /* Resources */,
			);
			buildRules = (
			);
			dependencies = (
				C239F0EA2B82B66E0020CCEC /* PBXTargetDependency */,
			);
			name = SwiftDataProjectUITests;
			productName = SwiftDataProjectUITests;
			productReference = C239F0E82B82B66E0020CCEC /* SwiftDataProjectUITests.xctest */;
			productType = "com.apple.product-type.bundle.ui-testing";
		};
/* End PBXNativeTarget section */

/* Begin PBXProject section */
		C239F0C62B82B66C0020CCEC /* Project object */ = {
			isa = PBXProject;
			attributes = {
				BuildIndependentTargetsInParallel = 1;
				LastSwiftUpdateCheck = 1500;
				LastUpgradeCheck = 1500;
				TargetAttributes = {
					C239F0CD2B82B66C0020CCEC = {
						CreatedOnToolsVersion = 15.0.1;
					};
					C239F0DD2B82B66E0020CCEC = {
						CreatedOnToolsVersion = 15.0.1;
						TestTargetID = C239F0CD2B82B66C0020CCEC;
					};
					C239F0E72B82B66E0020CCEC = {
						CreatedOnToolsVersion = 15.0.1;
						TestTargetID = C239F0CD2B82B66C0020CCEC;
					};
				};
			};
			buildConfigurationList = C239F0C92B82B66C0020CCEC /* Build configuration list for PBXProject "SwiftDataProject" */;
			compatibilityVersion = "Xcode 14.0";
			developmentRegion = en;
			hasScannedForEncodings = 0;
			knownRegions = (
				en,
				Base,
			);
			mainGroup = C239F0C52B82B66C0020CCEC;
			productRefGroup = C239F0CF2B82B66C0020CCEC /* Products */;
			projectDirPath = "";
			projectRoot = "";
			targets = (
				C239F0CD2B82B66C0020CCEC /* SwiftDataProject */,
				C239F0DD2B82B66E0020CCEC /* SwiftDataProjectTests */,
				C239F0E72B82B66E0020CCEC /* SwiftDataProjectUITests */,
			);
		};
/* End PBXProject section */

/* Begin PBXResourcesBuildPhase section */
		C239F0CC2B82B66C0020CCEC /* Resources */ = {
			isa = PBXResourcesBuildPhase;
			buildActionMask = 2147483647;
			files = (
				C239F0D92B82B66E0020CCEC /* Preview Assets.xcassets in Resources */,
				C239F0D62B82B66E0020CCEC /* Assets.xcassets in Resources */,
			);
			runOnlyForDeploymentPostprocessing = 0;
		};
		C239F0DC2B82B66E0020CCEC /* Resources */ = {
			isa = PBXResourcesBuildPhase;
			buildActionMask = 2147483647;
			files = (
			);
			runOnlyForDeploymentPostprocessing = 0;
		};
		C239F0E62B82B66E0020CCEC /* Resources */ = {
			isa = PBXResourcesBuildPhase;
			buildActionMask = 2147483647;
			files = (
			);
			runOnlyForDeploymentPostprocessing = 0;
		};
/* End PBXResourcesBuildPhase section */

/* Begin PBXSourcesBuildPhase section */
		C239F0CA2B82B66C0020CCEC /* Sources */ = {
			isa = PBXSourcesBuildPhase;
			buildActionMask = 2147483647;
			files = (
				C239F0D42B82B66C0020CCEC /* ContentView.swift in Sources */,
				C239F0D22B82B66C0020CCEC /* SwiftDataProjectApp.swift in Sources */,
				C25336E52B83E319004140B3 /* User.swift in Sources */,
			);
			runOnlyForDeploymentPostprocessing = 0;
		};
		C239F0DA2B82B66E0020CCEC /* Sources */ = {
			isa = PBXSourcesBuildPhase;
			buildActionMask = 2147483647;
			files = (
				C239F0E32B82B66E0020CCEC /* SwiftDataProjectTests.swift in Sources */,
			);
			runOnlyForDeploymentPostprocessing = 0;
		};
		C239F0E42B82B66E0020CCEC /* Sources */ = {
			isa = PBXSourcesBuildPhase;
			buildActionMask = 2147483647;
			files = (
				C239F0EF2B82B66E0020CCEC /* SwiftDataProjectUITestsLaunchTests.swift in Sources */,
				C239F0ED2B82B66E0020CCEC /* SwiftDataProjectUITests.swift in Sources */,
			);
			runOnlyForDeploymentPostprocessing = 0;
		};
/* End PBXSourcesBuildPhase section */

/* Begin PBXTargetDependency section */
		C239F0E02B82B66E0020CCEC /* PBXTargetDependency */ = {
			isa = PBXTargetDependency;
			target = C239F0CD2B82B66C0020CCEC /* SwiftDataProject */;
			targetProxy = C239F0DF2B82B66E0020CCEC /* PBXContainerItemProxy */;
		};
		C239F0EA2B82B66E0020CCEC /* PBXTargetDependency */ = {
			isa = PBXTargetDependency;
			target = C239F0CD2B82B66C0020CCEC /* SwiftDataProject */;
			targetProxy = C239F0E92B82B66E0020CCEC /* PBXContainerItemProxy */;
		};
/* End PBXTargetDependency section */

/* Begin XCBuildConfiguration section */
		C239F0F02B82B66E0020CCEC /* Debug */ = {
			isa = XCBuildConfiguration;
			buildSettings = {
				ALWAYS_SEARCH_USER_PATHS = NO;
				ASSETCATALOG_COMPILER_GENERATE_SWIFT_ASSET_SYMBOL_EXTENSIONS = YES;
				CLANG_ANALYZER_NONNULL = YES;
				CLANG_ANALYZER_NUMBER_OBJECT_CONVERSION = YES_AGGRESSIVE;
				CLANG_CXX_LANGUAGE_STANDARD = "gnu++20";
				CLANG_ENABLE_MODULES = YES;
				CLANG_ENABLE_OBJC_ARC = YES;
				CLANG_ENABLE_OBJC_WEAK = YES;
				CLANG_WARN_BLOCK_CAPTURE_AUTORELEASING = YES;
				CLANG_WARN_BOOL_CONVERSION = YES;
				CLANG_WARN_COMMA = YES;
				CLANG_WARN_CONSTANT_CONVERSION = YES;
				CLANG_WARN_DEPRECATED_OBJC_IMPLEMENTATIONS = YES;
				CLANG_WARN_DIRECT_OBJC_ISA_USAGE = YES_ERROR;
				CLANG_WARN_DOCUMENTATION_COMMENTS = YES;
				CLANG_WARN_EMPTY_BODY = YES;
				CLANG_WARN_ENUM_CONVERSION = YES;
				CLANG_WARN_INFINITE_RECURSION = YES;
				CLANG_WARN_INT_CONVERSION = YES;
				CLANG_WARN_NON_LITERAL_NULL_CONVERSION = YES;
				CLANG_WARN_OBJC_IMPLICIT_RETAIN_SELF = YES;
				CLANG_WARN_OBJC_LITERAL_CONVERSION = YES;
				CLANG_WARN_OBJC_ROOT_CLASS = YES_ERROR;
				CLANG_WARN_QUOTED_INCLUDE_IN_FRAMEWORK_HEADER = YES;
				CLANG_WARN_RANGE_LOOP_ANALYSIS = YES;
				CLANG_WARN_STRICT_PROTOTYPES = YES;
				CLANG_WARN_SUSPICIOUS_MOVE = YES;
				CLANG_WARN_UNGUARDED_AVAILABILITY = YES_AGGRESSIVE;
				CLANG_WARN_UNREACHABLE_CODE = YES;
				CLANG_WARN__DUPLICATE_METHOD_MATCH = YES;
				COPY_PHASE_STRIP = NO;
				DEBUG_INFORMATION_FORMAT = dwarf;
				ENABLE_STRICT_OBJC_MSGSEND = YES;
				ENABLE_TESTABILITY = YES;
				ENABLE_USER_SCRIPT_SANDBOXING = YES;
				GCC_C_LANGUAGE_STANDARD = gnu17;
				GCC_DYNAMIC_NO_PIC = NO;
				GCC_NO_COMMON_BLOCKS = YES;
				GCC_OPTIMIZATION_LEVEL = 0;
				GCC_PREPROCESSOR_DEFINITIONS = (
					"DEBUG=1",
					"$(inherited)",
				);
				GCC_WARN_64_TO_32_BIT_CONVERSION = YES;
				GCC_WARN_ABOUT_RETURN_TYPE = YES_ERROR;
				GCC_WARN_UNDECLARED_SELECTOR = YES;
				GCC_WARN_UNINITIALIZED_AUTOS = YES_AGGRESSIVE;
				GCC_WARN_UNUSED_FUNCTION = YES;
				GCC_WARN_UNUSED_VARIABLE = YES;
				IPHONEOS_DEPLOYMENT_TARGET = 17.0;
				LOCALIZATION_PREFERS_STRING_CATALOGS = YES;
				MTL_ENABLE_DEBUG_INFO = INCLUDE_SOURCE;
				MTL_FAST_MATH = YES;
				ONLY_ACTIVE_ARCH = YES;
				SDKROOT = iphoneos;
				SWIFT_ACTIVE_COMPILATION_CONDITIONS = "DEBUG $(inherited)";
				SWIFT_OPTIMIZATION_LEVEL = "-Onone";
			};
			name = Debug;
		};
		C239F0F12B82B66E0020CCEC /* Release */ = {
			isa = XCBuildConfiguration;
			buildSettings = {
				ALWAYS_SEARCH_USER_PATHS = NO;
				ASSETCATALOG_COMPILER_GENERATE_SWIFT_ASSET_SYMBOL_EXTENSIONS = YES;
				CLANG_ANALYZER_NONNULL = YES;
				CLANG_ANALYZER_NUMBER_OBJECT_CONVERSION = YES_AGGRESSIVE;
				CLANG_CXX_LANGUAGE_STANDARD = "gnu++20";
				CLANG_ENABLE_MODULES = YES;
				CLANG_ENABLE_OBJC_ARC = YES;
				CLANG_ENABLE_OBJC_WEAK = YES;
				CLANG_WARN_BLOCK_CAPTURE_AUTORELEASING = YES;
				CLANG_WARN_BOOL_CONVERSION = YES;
				CLANG_WARN_COMMA = YES;
				CLANG_WARN_CONSTANT_CONVERSION = YES;
				CLANG_WARN_DEPRECATED_OBJC_IMPLEMENTATIONS = YES;
				CLANG_WARN_DIRECT_OBJC_ISA_USAGE = YES_ERROR;
				CLANG_WARN_DOCUMENTATION_COMMENTS = YES;
				CLANG_WARN_EMPTY_BODY = YES;
				CLANG_WARN_ENUM_CONVERSION = YES;
				CLANG_WARN_INFINITE_RECURSION = YES;
				CLANG_WARN_INT_CONVERSION = YES;
				CLANG_WARN_NON_LITERAL_NULL_CONVERSION = YES;
				CLANG_WARN_OBJC_IMPLICIT_RETAIN_SELF = YES;
				CLANG_WARN_OBJC_LITERAL_CONVERSION = YES;
				CLANG_WARN_OBJC_ROOT_CLASS = YES_ERROR;
				CLANG_WARN_QUOTED_INCLUDE_IN_FRAMEWORK_HEADER = YES;
				CLANG_WARN_RANGE_LOOP_ANALYSIS = YES;
				CLANG_WARN_STRICT_PROTOTYPES = YES;
				CLANG_WARN_SUSPICIOUS_MOVE = YES;
				CLANG_WARN_UNGUARDED_AVAILABILITY = YES_AGGRESSIVE;
				CLANG_WARN_UNREACHABLE_CODE = YES;
				CLANG_WARN__DUPLICATE_METHOD_MATCH = YES;
				COPY_PHASE_STRIP = NO;
				DEBUG_INFORMATION_FORMAT = "dwarf-with-dsym";
				ENABLE_NS_ASSERTIONS = NO;
				ENABLE_STRICT_OBJC_MSGSEND = YES;
				ENABLE_USER_SCRIPT_SANDBOXING = YES;
				GCC_C_LANGUAGE_STANDARD = gnu17;
				GCC_NO_COMMON_BLOCKS = YES;
				GCC_WARN_64_TO_32_BIT_CONVERSION = YES;
				GCC_WARN_ABOUT_RETURN_TYPE = YES_ERROR;
				GCC_WARN_UNDECLARED_SELECTOR = YES;
				GCC_WARN_UNINITIALIZED_AUTOS = YES_AGGRESSIVE;
				GCC_WARN_UNUSED_FUNCTION = YES;
				GCC_WARN_UNUSED_VARIABLE = YES;
				IPHONEOS_DEPLOYMENT_TARGET = 17.0;
				LOCALIZATION_PREFERS_STRING_CATALOGS = YES;
				MTL_ENABLE_DEBUG_INFO = NO;
				MTL_FAST_MATH = YES;
				SDKROOT = iphoneos;
				SWIFT_COMPILATION_MODE = wholemodule;
				VALIDATE_PRODUCT = YES;
			};
			name = Release;
		};
		C239F0F32B82B66E0020CCEC /* Debug */ = {
			isa = XCBuildConfiguration;
			buildSettings = {
				ASSETCATALOG_COMPILER_APPICON_NAME = AppIcon;
				ASSETCATALOG_COMPILER_GLOBAL_ACCENT_COLOR_NAME = AccentColor;
				CODE_SIGN_STYLE = Automatic;
				CURRENT_PROJECT_VERSION = 1;
				DEVELOPMENT_ASSET_PATHS = "\"SwiftDataProject/Preview Content\"";
				DEVELOPMENT_TEAM = MTVHX6F533;
				ENABLE_PREVIEWS = YES;
				GENERATE_INFOPLIST_FILE = YES;
				INFOPLIST_KEY_UIApplicationSceneManifest_Generation = YES;
				INFOPLIST_KEY_UIApplicationSupportsIndirectInputEvents = YES;
				INFOPLIST_KEY_UILaunchScreen_Generation = YES;
				INFOPLIST_KEY_UISupportedInterfaceOrientations_iPad = "UIInterfaceOrientationPortrait UIInterfaceOrientationPortraitUpsideDown UIInterfaceOrientationLandscapeLeft UIInterfaceOrientationLandscapeRight";
				INFOPLIST_KEY_UISupportedInterfaceOrientations_iPhone = "UIInterfaceOrientationPortrait UIInterfaceOrientationLandscapeLeft UIInterfaceOrientationLandscapeRight";
				LD_RUNPATH_SEARCH_PATHS = (
					"$(inherited)",
					"@executable_path/Frameworks",
				);
				MARKETING_VERSION = 1.0;
				PRODUCT_BUNDLE_IDENTIFIER = com.tibin.SwiftDataProject;
				PRODUCT_NAME = "$(TARGET_NAME)";
				SWIFT_EMIT_LOC_STRINGS = YES;
				SWIFT_VERSION = 5.0;
				TARGETED_DEVICE_FAMILY = "1,2";
			};
			name = Debug;
		};
		C239F0F42B82B66E0020CCEC /* Release */ = {
			isa = XCBuildConfiguration;
			buildSettings = {
				ASSETCATALOG_COMPILER_APPICON_NAME = AppIcon;
				ASSETCATALOG_COMPILER_GLOBAL_ACCENT_COLOR_NAME = AccentColor;
				CODE_SIGN_STYLE = Automatic;
				CURRENT_PROJECT_VERSION = 1;
				DEVELOPMENT_ASSET_PATHS = "\"SwiftDataProject/Preview Content\"";
				DEVELOPMENT_TEAM = MTVHX6F533;
				ENABLE_PREVIEWS = YES;
				GENERATE_INFOPLIST_FILE = YES;
				INFOPLIST_KEY_UIApplicationSceneManifest_Generation = YES;
				INFOPLIST_KEY_UIApplicationSupportsIndirectInputEvents = YES;
				INFOPLIST_KEY_UILaunchScreen_Generation = YES;
				INFOPLIST_KEY_UISupportedInterfaceOrientations_iPad = "UIInterfaceOrientationPortrait UIInterfaceOrientationPortraitUpsideDown UIInterfaceOrientationLandscapeLeft UIInterfaceOrientationLandscapeRight";
				INFOPLIST_KEY_UISupportedInterfaceOrientations_iPhone = "UIInterfaceOrientationPortrait UIInterfaceOrientationLandscapeLeft UIInterfaceOrientationLandscapeRight";
				LD_RUNPATH_SEARCH_PATHS = (
					"$(inherited)",
					"@executable_path/Frameworks",
				);
				MARKETING_VERSION = 1.0;
				PRODUCT_BUNDLE_IDENTIFIER = com.tibin.SwiftDataProject;
				PRODUCT_NAME = "$(TARGET_NAME)";
				SWIFT_EMIT_LOC_STRINGS = YES;
				SWIFT_VERSION = 5.0;
				TARGETED_DEVICE_FAMILY = "1,2";
			};
			name = Release;
		};
		C239F0F62B82B66E0020CCEC /* Debug */ = {
			isa = XCBuildConfiguration;
			buildSettings = {
				ALWAYS_EMBED_SWIFT_STANDARD_LIBRARIES = YES;
				BUNDLE_LOADER = "$(TEST_HOST)";
				CODE_SIGN_STYLE = Automatic;
				CURRENT_PROJECT_VERSION = 1;
				DEVELOPMENT_TEAM = MTVHX6F533;
				GENERATE_INFOPLIST_FILE = YES;
				IPHONEOS_DEPLOYMENT_TARGET = 17.0;
				MARKETING_VERSION = 1.0;
				PRODUCT_BUNDLE_IDENTIFIER = com.tibin.SwiftDataProjectTests;
				PRODUCT_NAME = "$(TARGET_NAME)";
				SWIFT_EMIT_LOC_STRINGS = NO;
				SWIFT_VERSION = 5.0;
				TARGETED_DEVICE_FAMILY = "1,2";
				TEST_HOST = "$(BUILT_PRODUCTS_DIR)/SwiftDataProject.app/$(BUNDLE_EXECUTABLE_FOLDER_PATH)/SwiftDataProject";
			};
			name = Debug;
		};
		C239F0F72B82B66E0020CCEC /* Release */ = {
			isa = XCBuildConfiguration;
			buildSettings = {
				ALWAYS_EMBED_SWIFT_STANDARD_LIBRARIES = YES;
				BUNDLE_LOADER = "$(TEST_HOST)";
				CODE_SIGN_STYLE = Automatic;
				CURRENT_PROJECT_VERSION = 1;
				DEVELOPMENT_TEAM = MTVHX6F533;
				GENERATE_INFOPLIST_FILE = YES;
				IPHONEOS_DEPLOYMENT_TARGET = 17.0;
				MARKETING_VERSION = 1.0;
				PRODUCT_BUNDLE_IDENTIFIER = com.tibin.SwiftDataProjectTests;
				PRODUCT_NAME = "$(TARGET_NAME)";
				SWIFT_EMIT_LOC_STRINGS = NO;
				SWIFT_VERSION = 5.0;
				TARGETED_DEVICE_FAMILY = "1,2";
				TEST_HOST = "$(BUILT_PRODUCTS_DIR)/SwiftDataProject.app/$(BUNDLE_EXECUTABLE_FOLDER_PATH)/SwiftDataProject";
			};
			name = Release;
		};
		C239F0F92B82B66E0020CCEC /* Debug */ = {
			isa = XCBuildConfiguration;
			buildSettings = {
				ALWAYS_EMBED_SWIFT_STANDARD_LIBRARIES = YES;
				CODE_SIGN_STYLE = Automatic;
				CURRENT_PROJECT_VERSION = 1;
				DEVELOPMENT_TEAM = MTVHX6F533;
				GENERATE_INFOPLIST_FILE = YES;
				MARKETING_VERSION = 1.0;
				PRODUCT_BUNDLE_IDENTIFIER = com.tibin.SwiftDataProjectUITests;
				PRODUCT_NAME = "$(TARGET_NAME)";
				SWIFT_EMIT_LOC_STRINGS = NO;
				SWIFT_VERSION = 5.0;
				TARGETED_DEVICE_FAMILY = "1,2";
				TEST_TARGET_NAME = SwiftDataProject;
			};
			name = Debug;
		};
		C239F0FA2B82B66E0020CCEC /* Release */ = {
			isa = XCBuildConfiguration;
			buildSettings = {
				ALWAYS_EMBED_SWIFT_STANDARD_LIBRARIES = YES;
				CODE_SIGN_STYLE = Automatic;
				CURRENT_PROJECT_VERSION = 1;
				DEVELOPMENT_TEAM = MTVHX6F533;
				GENERATE_INFOPLIST_FILE = YES;
				MARKETING_VERSION = 1.0;
				PRODUCT_BUNDLE_IDENTIFIER = com.tibin.SwiftDataProjectUITests;
				PRODUCT_NAME = "$(TARGET_NAME)";
				SWIFT_EMIT_LOC_STRINGS = NO;
				SWIFT_VERSION = 5.0;
				TARGETED_DEVICE_FAMILY = "1,2";
				TEST_TARGET_NAME = SwiftDataProject;
			};
			name = Release;
		};
/* End XCBuildConfiguration section */

/* Begin XCConfigurationList section */
		C239F0C92B82B66C0020CCEC /* Build configuration list for PBXProject "SwiftDataProject" */ = {
			isa = XCConfigurationList;
			buildConfigurations = (
				C239F0F02B82B66E0020CCEC /* Debug */,
				C239F0F12B82B66E0020CCEC /* Release */,
			);
			defaultConfigurationIsVisible = 0;
			defaultConfigurationName = Release;
		};
		C239F0F22B82B66E0020CCEC /* Build configuration list for PBXNativeTarget "SwiftDataProject" */ = {
			isa = XCConfigurationList;
			buildConfigurations = (
				C239F0F32B82B66E0020CCEC /* Debug */,
				C239F0F42B82B66E0020CCEC /* Release */,
			);
			defaultConfigurationIsVisible = 0;
			defaultConfigurationName = Release;
		};
		C239F0F52B82B66E0020CCEC /* Build configuration list for PBXNativeTarget "SwiftDataProjectTests" */ = {
			isa = XCConfigurationList;
			buildConfigurations = (
				C239F0F62B82B66E0020CCEC /* Debug */,
				C239F0F72B82B66E0020CCEC /* Release */,
			);
			defaultConfigurationIsVisible = 0;
			defaultConfigurationName = Release;
		};
		C239F0F82B82B66E0020CCEC /* Build configuration list for PBXNativeTarget "SwiftDataProjectUITests" */ = {
			isa = XCConfigurationList;
			buildConfigurations = (
				C239F0F92B82B66E0020CCEC /* Debug */,
				C239F0FA2B82B66E0020CCEC /* Release */,
			);
			defaultConfigurationIsVisible = 0;
			defaultConfigurationName = Release;
		};
/* End XCConfigurationList section */
	};
	rootObject = C239F0C62B82B66C0020CCEC /* Project object */;
}
