// !$*UTF8*$!
{
	archiveVersion = 1;
	classes = {
	};
	objectVersion = 56;
	objects = {

/* Begin PBXBuildFile section */
		C2C8E6812B6FC2F7002F6367 /* BetterRestApp.swift in Sources */ = {isa = PBXBuildFile; fileRef = C2C8E6802B6FC2F7002F6367 /* BetterRestApp.swift */; };
		C2C8E6832B6FC2F7002F6367 /* ContentView.swift in Sources */ = {isa = PBXBuildFile; fileRef = C2C8E6822B6FC2F7002F6367 /* ContentView.swift */; };
		C2C8E6852B6FC2F8002F6367 /* Assets.xcassets in Resources */ = {isa = PBXBuildFile; fileRef = C2C8E6842B6FC2F8002F6367 /* Assets.xcassets */; };
		C2C8E6892B6FC2F8002F6367 /* Preview Assets.xcassets in Resources */ = {isa = PBXBuildFile; fileRef = C2C8E6882B6FC2F8002F6367 /* Preview Assets.xcassets */; };
		C2C8E6932B6FC2F8002F6367 /* BetterRestTests.swift in Sources */ = {isa = PBXBuildFile; fileRef = C2C8E6922B6FC2F8002F6367 /* BetterRestTests.swift */; };
		C2C8E69D2B6FC2F8002F6367 /* BetterRestUITests.swift in Sources */ = {isa = PBXBuildFile; fileRef = C2C8E69C2B6FC2F8002F6367 /* BetterRestUITests.swift */; };
		C2C8E69F2B6FC2F8002F6367 /* BetterRestUITestsLaunchTests.swift in Sources */ = {isa = PBXBuildFile; fileRef = C2C8E69E2B6FC2F8002F6367 /* BetterRestUITestsLaunchTests.swift */; };
		C2C8E6AC2B6FCFD9002F6367 /* SleepCalculator.mlmodel in Sources */ = {isa = PBXBuildFile; fileRef = C2C8E6AB2B6FCFD9002F6367 /* SleepCalculator.mlmodel */; };
/* End PBXBuildFile section */

/* Begin PBXContainerItemProxy section */
		C2C8E68F2B6FC2F8002F6367 /* PBXContainerItemProxy */ = {
			isa = PBXContainerItemProxy;
			containerPortal = C2C8E6752B6FC2F7002F6367 /* Project object */;
			proxyType = 1;
			remoteGlobalIDString = C2C8E67C2B6FC2F7002F6367;
			remoteInfo = BetterRest;
		};
		C2C8E6992B6FC2F8002F6367 /* PBXContainerItemProxy */ = {
			isa = PBXContainerItemProxy;
			containerPortal = C2C8E6752B6FC2F7002F6367 /* Project object */;
			proxyType = 1;
			remoteGlobalIDString = C2C8E67C2B6FC2F7002F6367;
			remoteInfo = BetterRest;
		};
/* End PBXContainerItemProxy section */

/* Begin PBXFileReference section */
		C2C8E67D2B6FC2F7002F6367 /* BetterRest.app */ = {isa = PBXFileReference; explicitFileType = wrapper.application; includeInIndex = 0; path = BetterRest.app; sourceTree = BUILT_PRODUCTS_DIR; };
		C2C8E6802B6FC2F7002F6367 /* BetterRestApp.swift */ = {isa = PBXFileReference; lastKnownFileType = sourcecode.swift; path = BetterRestApp.swift; sourceTree = "<group>"; };
		C2C8E6822B6FC2F7002F6367 /* ContentView.swift */ = {isa = PBXFileReference; lastKnownFileType = sourcecode.swift; path = ContentView.swift; sourceTree = "<group>"; };
		C2C8E6842B6FC2F8002F6367 /* Assets.xcassets */ = {isa = PBXFileReference; lastKnownFileType = folder.assetcatalog; path = Assets.xcassets; sourceTree = "<group>"; };
		C2C8E6862B6FC2F8002F6367 /* BetterRest.entitlements */ = {isa = PBXFileReference; lastKnownFileType = text.plist.entitlements; path = BetterRest.entitlements; sourceTree = "<group>"; };
		C2C8E6882B6FC2F8002F6367 /* Preview Assets.xcassets */ = {isa = PBXFileReference; lastKnownFileType = folder.assetcatalog; path = "Preview Assets.xcassets"; sourceTree = "<group>"; };
		C2C8E68E2B6FC2F8002F6367 /* BetterRestTests.xctest */ = {isa = PBXFileReference; explicitFileType = wrapper.cfbundle; includeInIndex = 0; path = BetterRestTests.xctest; sourceTree = BUILT_PRODUCTS_DIR; };
		C2C8E6922B6FC2F8002F6367 /* BetterRestTests.swift */ = {isa = PBXFileReference; lastKnownFileType = sourcecode.swift; path = BetterRestTests.swift; sourceTree = "<group>"; };
		C2C8E6982B6FC2F8002F6367 /* BetterRestUITests.xctest */ = {isa = PBXFileReference; explicitFileType = wrapper.cfbundle; includeInIndex = 0; path = BetterRestUITests.xctest; sourceTree = BUILT_PRODUCTS_DIR; };
		C2C8E69C2B6FC2F8002F6367 /* BetterRestUITests.swift */ = {isa = PBXFileReference; lastKnownFileType = sourcecode.swift; path = BetterRestUITests.swift; sourceTree = "<group>"; };
		C2C8E69E2B6FC2F8002F6367 /* BetterRestUITestsLaunchTests.swift */ = {isa = PBXFileReference; lastKnownFileType = sourcecode.swift; path = BetterRestUITestsLaunchTests.swift; sourceTree = "<group>"; };
		C2C8E6AB2B6FCFD9002F6367 /* SleepCalculator.mlmodel */ = {isa = PBXFileReference; lastKnownFileType = file.mlmodel; path = SleepCalculator.mlmodel; sourceTree = "<group>"; };
/* End PBXFileReference section */

/* Begin PBXFrameworksBuildPhase section */
		C2C8E67A2B6FC2F7002F6367 /* Frameworks */ = {
			isa = PBXFrameworksBuildPhase;
			buildActionMask = 2147483647;
			files = (
			);
			runOnlyForDeploymentPostprocessing = 0;
		};
		C2C8E68B2B6FC2F8002F6367 /* Frameworks */ = {
			isa = PBXFrameworksBuildPhase;
			buildActionMask = 2147483647;
			files = (
			);
			runOnlyForDeploymentPostprocessing = 0;
		};
		C2C8E6952B6FC2F8002F6367 /* Frameworks */ = {
			isa = PBXFrameworksBuildPhase;
			buildActionMask = 2147483647;
			files = (
			);
			runOnlyForDeploymentPostprocessing = 0;
		};
/* End PBXFrameworksBuildPhase section */

/* Begin PBXGroup section */
		C2C8E6742B6FC2F7002F6367 = {
			isa = PBXGroup;
			children = (
				C2C8E67F2B6FC2F7002F6367 /* BetterRest */,
				C2C8E6912B6FC2F8002F6367 /* BetterRestTests */,
				C2C8E69B2B6FC2F8002F6367 /* BetterRestUITests */,
				C2C8E67E2B6FC2F7002F6367 /* Products */,
			);
			sourceTree = "<group>";
		};
		C2C8E67E2B6FC2F7002F6367 /* Products */ = {
			isa = PBXGroup;
			children = (
				C2C8E67D2B6FC2F7002F6367 /* BetterRest.app */,
				C2C8E68E2B6FC2F8002F6367 /* BetterRestTests.xctest */,
				C2C8E6982B6FC2F8002F6367 /* BetterRestUITests.xctest */,
			);
			name = Products;
			sourceTree = "<group>";
		};
		C2C8E67F2B6FC2F7002F6367 /* BetterRest */ = {
			isa = PBXGroup;
			children = (
				C2C8E6802B6FC2F7002F6367 /* BetterRestApp.swift */,
				C2C8E6822B6FC2F7002F6367 /* ContentView.swift */,
				C2C8E6AB2B6FCFD9002F6367 /* SleepCalculator.mlmodel */,
				C2C8E6842B6FC2F8002F6367 /* Assets.xcassets */,
				C2C8E6862B6FC2F8002F6367 /* BetterRest.entitlements */,
				C2C8E6872B6FC2F8002F6367 /* Preview Content */,
			);
			path = BetterRest;
			sourceTree = "<group>";
		};
		C2C8E6872B6FC2F8002F6367 /* Preview Content */ = {
			isa = PBXGroup;
			children = (
				C2C8E6882B6FC2F8002F6367 /* Preview Assets.xcassets */,
			);
			path = "Preview Content";
			sourceTree = "<group>";
		};
		C2C8E6912B6FC2F8002F6367 /* BetterRestTests */ = {
			isa = PBXGroup;
			children = (
				C2C8E6922B6FC2F8002F6367 /* BetterRestTests.swift */,
			);
			path = BetterRestTests;
			sourceTree = "<group>";
		};
		C2C8E69B2B6FC2F8002F6367 /* BetterRestUITests */ = {
			isa = PBXGroup;
			children = (
				C2C8E69C2B6FC2F8002F6367 /* BetterRestUITests.swift */,
				C2C8E69E2B6FC2F8002F6367 /* BetterRestUITestsLaunchTests.swift */,
			);
			path = BetterRestUITests;
			sourceTree = "<group>";
		};
/* End PBXGroup section */

/* Begin PBXNativeTarget section */
		C2C8E67C2B6FC2F7002F6367 /* BetterRest */ = {
			isa = PBXNativeTarget;
			buildConfigurationList = C2C8E6A22B6FC2F8002F6367 /* Build configuration list for PBXNativeTarget "BetterRest" */;
			buildPhases = (
				C2C8E6792B6FC2F7002F6367 /* Sources */,
				C2C8E67A2B6FC2F7002F6367 /* Frameworks */,
				C2C8E67B2B6FC2F7002F6367 /* Resources */,
			);
			buildRules = (
			);
			dependencies = (
			);
			name = BetterRest;
			productName = BetterRest;
			productReference = C2C8E67D2B6FC2F7002F6367 /* BetterRest.app */;
			productType = "com.apple.product-type.application";
		};
		C2C8E68D2B6FC2F8002F6367 /* BetterRestTests */ = {
			isa = PBXNativeTarget;
			buildConfigurationList = C2C8E6A52B6FC2F8002F6367 /* Build configuration list for PBXNativeTarget "BetterRestTests" */;
			buildPhases = (
				C2C8E68A2B6FC2F8002F6367 /* Sources */,
				C2C8E68B2B6FC2F8002F6367 /* Frameworks */,
				C2C8E68C2B6FC2F8002F6367 /* Resources */,
			);
			buildRules = (
			);
			dependencies = (
				C2C8E6902B6FC2F8002F6367 /* PBXTargetDependency */,
			);
			name = BetterRestTests;
			productName = BetterRestTests;
			productReference = C2C8E68E2B6FC2F8002F6367 /* BetterRestTests.xctest */;
			productType = "com.apple.product-type.bundle.unit-test";
		};
		C2C8E6972B6FC2F8002F6367 /* BetterRestUITests */ = {
			isa = PBXNativeTarget;
			buildConfigurationList = C2C8E6A82B6FC2F8002F6367 /* Build configuration list for PBXNativeTarget "BetterRestUITests" */;
			buildPhases = (
				C2C8E6942B6FC2F8002F6367 /* Sources */,
				C2C8E6952B6FC2F8002F6367 /* Frameworks */,
				C2C8E6962B6FC2F8002F6367 /* Resources */,
			);
			buildRules = (
			);
			dependencies = (
				C2C8E69A2B6FC2F8002F6367 /* PBXTargetDependency */,
			);
			name = BetterRestUITests;
			productName = BetterRestUITests;
			productReference = C2C8E6982B6FC2F8002F6367 /* BetterRestUITests.xctest */;
			productType = "com.apple.product-type.bundle.ui-testing";
		};
/* End PBXNativeTarget section */

/* Begin PBXProject section */
		C2C8E6752B6FC2F7002F6367 /* Project object */ = {
			isa = PBXProject;
			attributes = {
				BuildIndependentTargetsInParallel = 1;
				LastSwiftUpdateCheck = 1500;
				LastUpgradeCheck = 1500;
				TargetAttributes = {
					C2C8E67C2B6FC2F7002F6367 = {
						CreatedOnToolsVersion = 15.0.1;
					};
					C2C8E68D2B6FC2F8002F6367 = {
						CreatedOnToolsVersion = 15.0.1;
						TestTargetID = C2C8E67C2B6FC2F7002F6367;
					};
					C2C8E6972B6FC2F8002F6367 = {
						CreatedOnToolsVersion = 15.0.1;
						TestTargetID = C2C8E67C2B6FC2F7002F6367;
					};
				};
			};
			buildConfigurationList = C2C8E6782B6FC2F7002F6367 /* Build configuration list for PBXProject "BetterRest" */;
			compatibilityVersion = "Xcode 14.0";
			developmentRegion = en;
			hasScannedForEncodings = 0;
			knownRegions = (
				en,
				Base,
			);
			mainGroup = C2C8E6742B6FC2F7002F6367;
			productRefGroup = C2C8E67E2B6FC2F7002F6367 /* Products */;
			projectDirPath = "";
			projectRoot = "";
			targets = (
				C2C8E67C2B6FC2F7002F6367 /* BetterRest */,
				C2C8E68D2B6FC2F8002F6367 /* BetterRestTests */,
				C2C8E6972B6FC2F8002F6367 /* BetterRestUITests */,
			);
		};
/* End PBXProject section */

/* Begin PBXResourcesBuildPhase section */
		C2C8E67B2B6FC2F7002F6367 /* Resources */ = {
			isa = PBXResourcesBuildPhase;
			buildActionMask = 2147483647;
			files = (
				C2C8E6892B6FC2F8002F6367 /* Preview Assets.xcassets in Resources */,
				C2C8E6852B6FC2F8002F6367 /* Assets.xcassets in Resources */,
			);
			runOnlyForDeploymentPostprocessing = 0;
		};
		C2C8E68C2B6FC2F8002F6367 /* Resources */ = {
			isa = PBXResourcesBuildPhase;
			buildActionMask = 2147483647;
			files = (
			);
			runOnlyForDeploymentPostprocessing = 0;
		};
		C2C8E6962B6FC2F8002F6367 /* Resources */ = {
			isa = PBXResourcesBuildPhase;
			buildActionMask = 2147483647;
			files = (
			);
			runOnlyForDeploymentPostprocessing = 0;
		};
/* End PBXResourcesBuildPhase section */

/* Begin PBXSourcesBuildPhase section */
		C2C8E6792B6FC2F7002F6367 /* Sources */ = {
			isa = PBXSourcesBuildPhase;
			buildActionMask = 2147483647;
			files = (
				C2C8E6832B6FC2F7002F6367 /* ContentView.swift in Sources */,
				C2C8E6AC2B6FCFD9002F6367 /* SleepCalculator.mlmodel in Sources */,
				C2C8E6812B6FC2F7002F6367 /* BetterRestApp.swift in Sources */,
			);
			runOnlyForDeploymentPostprocessing = 0;
		};
		C2C8E68A2B6FC2F8002F6367 /* Sources */ = {
			isa = PBXSourcesBuildPhase;
			buildActionMask = 2147483647;
			files = (
				C2C8E6932B6FC2F8002F6367 /* BetterRestTests.swift in Sources */,
			);
			runOnlyForDeploymentPostprocessing = 0;
		};
		C2C8E6942B6FC2F8002F6367 /* Sources */ = {
			isa = PBXSourcesBuildPhase;
			buildActionMask = 2147483647;
			files = (
				C2C8E69F2B6FC2F8002F6367 /* BetterRestUITestsLaunchTests.swift in Sources */,
				C2C8E69D2B6FC2F8002F6367 /* BetterRestUITests.swift in Sources */,
			);
			runOnlyForDeploymentPostprocessing = 0;
		};
/* End PBXSourcesBuildPhase section */

/* Begin PBXTargetDependency section */
		C2C8E6902B6FC2F8002F6367 /* PBXTargetDependency */ = {
			isa = PBXTargetDependency;
			target = C2C8E67C2B6FC2F7002F6367 /* BetterRest */;
			targetProxy = C2C8E68F2B6FC2F8002F6367 /* PBXContainerItemProxy */;
		};
		C2C8E69A2B6FC2F8002F6367 /* PBXTargetDependency */ = {
			isa = PBXTargetDependency;
			target = C2C8E67C2B6FC2F7002F6367 /* BetterRest */;
			targetProxy = C2C8E6992B6FC2F8002F6367 /* PBXContainerItemProxy */;
		};
/* End PBXTargetDependency section */

/* Begin XCBuildConfiguration section */
		C2C8E6A02B6FC2F8002F6367 /* Debug */ = {
			isa = XCBuildConfiguration;
			buildSettings = {
				ALWAYS_SEARCH_USER_PATHS = NO;
				ASSETCATALOG_COMPILER_GENERATE_SWIFT_ASSET_SYMBOL_EXTENSIONS = YES;
				CLANG_ANALYZER_NONNULL = YES;
				CLANG_ANALYZER_NUMBER_OBJECT_CONVERSION = YES_AGGRESSIVE;
				CLANG_CXX_LANGUAGE_STANDARD = "gnu++20";
				CLANG_ENABLE_MODULES = YES;
				CLANG_ENABLE_OBJC_ARC = YES;
				CLANG_ENABLE_OBJC_WEAK = YES;
				CLANG_WARN_BLOCK_CAPTURE_AUTORELEASING = YES;
				CLANG_WARN_BOOL_CONVERSION = YES;
				CLANG_WARN_COMMA = YES;
				CLANG_WARN_CONSTANT_CONVERSION = YES;
				CLANG_WARN_DEPRECATED_OBJC_IMPLEMENTATIONS = YES;
				CLANG_WARN_DIRECT_OBJC_ISA_USAGE = YES_ERROR;
				CLANG_WARN_DOCUMENTATION_COMMENTS = YES;
				CLANG_WARN_EMPTY_BODY = YES;
				CLANG_WARN_ENUM_CONVERSION = YES;
				CLANG_WARN_INFINITE_RECURSION = YES;
				CLANG_WARN_INT_CONVERSION = YES;
				CLANG_WARN_NON_LITERAL_NULL_CONVERSION = YES;
				CLANG_WARN_OBJC_IMPLICIT_RETAIN_SELF = YES;
				CLANG_WARN_OBJC_LITERAL_CONVERSION = YES;
				CLANG_WARN_OBJC_ROOT_CLASS = YES_ERROR;
				CLANG_WARN_QUOTED_INCLUDE_IN_FRAMEWORK_HEADER = YES;
				CLANG_WARN_RANGE_LOOP_ANALYSIS = YES;
				CLANG_WARN_STRICT_PROTOTYPES = YES;
				CLANG_WARN_SUSPICIOUS_MOVE = YES;
				CLANG_WARN_UNGUARDED_AVAILABILITY = YES_AGGRESSIVE;
				CLANG_WARN_UNREACHABLE_CODE = YES;
				CLANG_WARN__DUPLICATE_METHOD_MATCH = YES;
				COPY_PHASE_STRIP = NO;
				DEBUG_INFORMATION_FORMAT = dwarf;
				ENABLE_STRICT_OBJC_MSGSEND = YES;
				ENABLE_TESTABILITY = YES;
				ENABLE_USER_SCRIPT_SANDBOXING = YES;
				GCC_C_LANGUAGE_STANDARD = gnu17;
				GCC_DYNAMIC_NO_PIC = NO;
				GCC_NO_COMMON_BLOCKS = YES;
				GCC_OPTIMIZATION_LEVEL = 0;
				GCC_PREPROCESSOR_DEFINITIONS = (
					"DEBUG=1",
					"$(inherited)",
				);
				GCC_WARN_64_TO_32_BIT_CONVERSION = YES;
				GCC_WARN_ABOUT_RETURN_TYPE = YES_ERROR;
				GCC_WARN_UNDECLARED_SELECTOR = YES;
				GCC_WARN_UNINITIALIZED_AUTOS = YES_AGGRESSIVE;
				GCC_WARN_UNUSED_FUNCTION = YES;
				GCC_WARN_UNUSED_VARIABLE = YES;
				LOCALIZATION_PREFERS_STRING_CATALOGS = YES;
				MTL_ENABLE_DEBUG_INFO = INCLUDE_SOURCE;
				MTL_FAST_MATH = YES;
				ONLY_ACTIVE_ARCH = YES;
				SWIFT_ACTIVE_COMPILATION_CONDITIONS = "DEBUG $(inherited)";
				SWIFT_OPTIMIZATION_LEVEL = "-Onone";
			};
			name = Debug;
		};
		C2C8E6A12B6FC2F8002F6367 /* Release */ = {
			isa = XCBuildConfiguration;
			buildSettings = {
				ALWAYS_SEARCH_USER_PATHS = NO;
				ASSETCATALOG_COMPILER_GENERATE_SWIFT_ASSET_SYMBOL_EXTENSIONS = YES;
				CLANG_ANALYZER_NONNULL = YES;
				CLANG_ANALYZER_NUMBER_OBJECT_CONVERSION = YES_AGGRESSIVE;
				CLANG_CXX_LANGUAGE_STANDARD = "gnu++20";
				CLANG_ENABLE_MODULES = YES;
				CLANG_ENABLE_OBJC_ARC = YES;
				CLANG_ENABLE_OBJC_WEAK = YES;
				CLANG_WARN_BLOCK_CAPTURE_AUTORELEASING = YES;
				CLANG_WARN_BOOL_CONVERSION = YES;
				CLANG_WARN_COMMA = YES;
				CLANG_WARN_CONSTANT_CONVERSION = YES;
				CLANG_WARN_DEPRECATED_OBJC_IMPLEMENTATIONS = YES;
				CLANG_WARN_DIRECT_OBJC_ISA_USAGE = YES_ERROR;
				CLANG_WARN_DOCUMENTATION_COMMENTS = YES;
				CLANG_WARN_EMPTY_BODY = YES;
				CLANG_WARN_ENUM_CONVERSION = YES;
				CLANG_WARN_INFINITE_RECURSION = YES;
				CLANG_WARN_INT_CONVERSION = YES;
				CLANG_WARN_NON_LITERAL_NULL_CONVERSION = YES;
				CLANG_WARN_OBJC_IMPLICIT_RETAIN_SELF = YES;
				CLANG_WARN_OBJC_LITERAL_CONVERSION = YES;
				CLANG_WARN_OBJC_ROOT_CLASS = YES_ERROR;
				CLANG_WARN_QUOTED_INCLUDE_IN_FRAMEWORK_HEADER = YES;
				CLANG_WARN_RANGE_LOOP_ANALYSIS = YES;
				CLANG_WARN_STRICT_PROTOTYPES = YES;
				CLANG_WARN_SUSPICIOUS_MOVE = YES;
				CLANG_WARN_UNGUARDED_AVAILABILITY = YES_AGGRESSIVE;
				CLANG_WARN_UNREACHABLE_CODE = YES;
				CLANG_WARN__DUPLICATE_METHOD_MATCH = YES;
				COPY_PHASE_STRIP = NO;
				DEBUG_INFORMATION_FORMAT = "dwarf-with-dsym";
				ENABLE_NS_ASSERTIONS = NO;
				ENABLE_STRICT_OBJC_MSGSEND = YES;
				ENABLE_USER_SCRIPT_SANDBOXING = YES;
				GCC_C_LANGUAGE_STANDARD = gnu17;
				GCC_NO_COMMON_BLOCKS = YES;
				GCC_WARN_64_TO_32_BIT_CONVERSION = YES;
				GCC_WARN_ABOUT_RETURN_TYPE = YES_ERROR;
				GCC_WARN_UNDECLARED_SELECTOR = YES;
				GCC_WARN_UNINITIALIZED_AUTOS = YES_AGGRESSIVE;
				GCC_WARN_UNUSED_FUNCTION = YES;
				GCC_WARN_UNUSED_VARIABLE = YES;
				LOCALIZATION_PREFERS_STRING_CATALOGS = YES;
				MTL_ENABLE_DEBUG_INFO = NO;
				MTL_FAST_MATH = YES;
				SWIFT_COMPILATION_MODE = wholemodule;
			};
			name = Release;
		};
		C2C8E6A32B6FC2F8002F6367 /* Debug */ = {
			isa = XCBuildConfiguration;
			buildSettings = {
				ASSETCATALOG_COMPILER_APPICON_NAME = AppIcon;
				ASSETCATALOG_COMPILER_GLOBAL_ACCENT_COLOR_NAME = AccentColor;
				CODE_SIGN_ENTITLEMENTS = BetterRest/BetterRest.entitlements;
				CODE_SIGN_STYLE = Automatic;
				CURRENT_PROJECT_VERSION = 1;
				DEVELOPMENT_ASSET_PATHS = "\"BetterRest/Preview Content\"";
				DEVELOPMENT_TEAM = MTVHX6F533;
				ENABLE_HARDENED_RUNTIME = YES;
				ENABLE_PREVIEWS = YES;
				GENERATE_INFOPLIST_FILE = YES;
				"INFOPLIST_KEY_UIApplicationSceneManifest_Generation[sdk=iphoneos*]" = YES;
				"INFOPLIST_KEY_UIApplicationSceneManifest_Generation[sdk=iphonesimulator*]" = YES;
				"INFOPLIST_KEY_UIApplicationSupportsIndirectInputEvents[sdk=iphoneos*]" = YES;
				"INFOPLIST_KEY_UIApplicationSupportsIndirectInputEvents[sdk=iphonesimulator*]" = YES;
				"INFOPLIST_KEY_UILaunchScreen_Generation[sdk=iphoneos*]" = YES;
				"INFOPLIST_KEY_UILaunchScreen_Generation[sdk=iphonesimulator*]" = YES;
				"INFOPLIST_KEY_UIStatusBarStyle[sdk=iphoneos*]" = UIStatusBarStyleDefault;
				"INFOPLIST_KEY_UIStatusBarStyle[sdk=iphonesimulator*]" = UIStatusBarStyleDefault;
				INFOPLIST_KEY_UISupportedInterfaceOrientations_iPad = "UIInterfaceOrientationPortrait UIInterfaceOrientationPortraitUpsideDown UIInterfaceOrientationLandscapeLeft UIInterfaceOrientationLandscapeRight";
				INFOPLIST_KEY_UISupportedInterfaceOrientations_iPhone = "UIInterfaceOrientationPortrait UIInterfaceOrientationLandscapeLeft UIInterfaceOrientationLandscapeRight";
				IPHONEOS_DEPLOYMENT_TARGET = 17.0;
				LD_RUNPATH_SEARCH_PATHS = "@executable_path/Frameworks";
				"LD_RUNPATH_SEARCH_PATHS[sdk=macosx*]" = "@executable_path/../Frameworks";
				MACOSX_DEPLOYMENT_TARGET = 14.0;
				MARKETING_VERSION = 1.0;
				PRODUCT_BUNDLE_IDENTIFIER = com.tibin.BetterRest;
				PRODUCT_NAME = "$(TARGET_NAME)";
				SDKROOT = auto;
				SUPPORTED_PLATFORMS = "iphoneos iphonesimulator macosx";
				SWIFT_EMIT_LOC_STRINGS = YES;
				SWIFT_VERSION = 5.0;
				TARGETED_DEVICE_FAMILY = "1,2";
			};
			name = Debug;
		};
		C2C8E6A42B6FC2F8002F6367 /* Release */ = {
			isa = XCBuildConfiguration;
			buildSettings = {
				ASSETCATALOG_COMPILER_APPICON_NAME = AppIcon;
				ASSETCATALOG_COMPILER_GLOBAL_ACCENT_COLOR_NAME = AccentColor;
				CODE_SIGN_ENTITLEMENTS = BetterRest/BetterRest.entitlements;
				CODE_SIGN_STYLE = Automatic;
				CURRENT_PROJECT_VERSION = 1;
				DEVELOPMENT_ASSET_PATHS = "\"BetterRest/Preview Content\"";
				DEVELOPMENT_TEAM = MTVHX6F533;
				ENABLE_HARDENED_RUNTIME = YES;
				ENABLE_PREVIEWS = YES;
				GENERATE_INFOPLIST_FILE = YES;
				"INFOPLIST_KEY_UIApplicationSceneManifest_Generation[sdk=iphoneos*]" = YES;
				"INFOPLIST_KEY_UIApplicationSceneManifest_Generation[sdk=iphonesimulator*]" = YES;
				"INFOPLIST_KEY_UIApplicationSupportsIndirectInputEvents[sdk=iphoneos*]" = YES;
				"INFOPLIST_KEY_UIApplicationSupportsIndirectInputEvents[sdk=iphonesimulator*]" = YES;
				"INFOPLIST_KEY_UILaunchScreen_Generation[sdk=iphoneos*]" = YES;
				"INFOPLIST_KEY_UILaunchScreen_Generation[sdk=iphonesimulator*]" = YES;
				"INFOPLIST_KEY_UIStatusBarStyle[sdk=iphoneos*]" = UIStatusBarStyleDefault;
				"INFOPLIST_KEY_UIStatusBarStyle[sdk=iphonesimulator*]" = UIStatusBarStyleDefault;
				INFOPLIST_KEY_UISupportedInterfaceOrientations_iPad = "UIInterfaceOrientationPortrait UIInterfaceOrientationPortraitUpsideDown UIInterfaceOrientationLandscapeLeft UIInterfaceOrientationLandscapeRight";
				INFOPLIST_KEY_UISupportedInterfaceOrientations_iPhone = "UIInterfaceOrientationPortrait UIInterfaceOrientationLandscapeLeft UIInterfaceOrientationLandscapeRight";
				IPHONEOS_DEPLOYMENT_TARGET = 17.0;
				LD_RUNPATH_SEARCH_PATHS = "@executable_path/Frameworks";
				"LD_RUNPATH_SEARCH_PATHS[sdk=macosx*]" = "@executable_path/../Frameworks";
				MACOSX_DEPLOYMENT_TARGET = 14.0;
				MARKETING_VERSION = 1.0;
				PRODUCT_BUNDLE_IDENTIFIER = com.tibin.BetterRest;
				PRODUCT_NAME = "$(TARGET_NAME)";
				SDKROOT = auto;
				SUPPORTED_PLATFORMS = "iphoneos iphonesimulator macosx";
				SWIFT_EMIT_LOC_STRINGS = YES;
				SWIFT_VERSION = 5.0;
				TARGETED_DEVICE_FAMILY = "1,2";
			};
			name = Release;
		};
		C2C8E6A62B6FC2F8002F6367 /* Debug */ = {
			isa = XCBuildConfiguration;
			buildSettings = {
				ALWAYS_EMBED_SWIFT_STANDARD_LIBRARIES = YES;
				BUNDLE_LOADER = "$(TEST_HOST)";
				CODE_SIGN_STYLE = Automatic;
				CURRENT_PROJECT_VERSION = 1;
				DEVELOPMENT_TEAM = MTVHX6F533;
				GENERATE_INFOPLIST_FILE = YES;
				IPHONEOS_DEPLOYMENT_TARGET = 17.0;
				MACOSX_DEPLOYMENT_TARGET = 14.0;
				MARKETING_VERSION = 1.0;
				PRODUCT_BUNDLE_IDENTIFIER = com.tibin.BetterRestTests;
				PRODUCT_NAME = "$(TARGET_NAME)";
				SDKROOT = auto;
				SUPPORTED_PLATFORMS = "iphoneos iphonesimulator macosx";
				SWIFT_EMIT_LOC_STRINGS = NO;
				SWIFT_VERSION = 5.0;
				TARGETED_DEVICE_FAMILY = "1,2";
				TEST_HOST = "$(BUILT_PRODUCTS_DIR)/BetterRest.app/$(BUNDLE_EXECUTABLE_FOLDER_PATH)/BetterRest";
			};
			name = Debug;
		};
		C2C8E6A72B6FC2F8002F6367 /* Release */ = {
			isa = XCBuildConfiguration;
			buildSettings = {
				ALWAYS_EMBED_SWIFT_STANDARD_LIBRARIES = YES;
				BUNDLE_LOADER = "$(TEST_HOST)";
				CODE_SIGN_STYLE = Automatic;
				CURRENT_PROJECT_VERSION = 1;
				DEVELOPMENT_TEAM = MTVHX6F533;
				GENERATE_INFOPLIST_FILE = YES;
				IPHONEOS_DEPLOYMENT_TARGET = 17.0;
				MACOSX_DEPLOYMENT_TARGET = 14.0;
				MARKETING_VERSION = 1.0;
				PRODUCT_BUNDLE_IDENTIFIER = com.tibin.BetterRestTests;
				PRODUCT_NAME = "$(TARGET_NAME)";
				SDKROOT = auto;
				SUPPORTED_PLATFORMS = "iphoneos iphonesimulator macosx";
				SWIFT_EMIT_LOC_STRINGS = NO;
				SWIFT_VERSION = 5.0;
				TARGETED_DEVICE_FAMILY = "1,2";
				TEST_HOST = "$(BUILT_PRODUCTS_DIR)/BetterRest.app/$(BUNDLE_EXECUTABLE_FOLDER_PATH)/BetterRest";
			};
			name = Release;
		};
		C2C8E6A92B6FC2F8002F6367 /* Debug */ = {
			isa = XCBuildConfiguration;
			buildSettings = {
				ALWAYS_EMBED_SWIFT_STANDARD_LIBRARIES = YES;
				CODE_SIGN_STYLE = Automatic;
				CURRENT_PROJECT_VERSION = 1;
				DEVELOPMENT_TEAM = MTVHX6F533;
				GENERATE_INFOPLIST_FILE = YES;
				IPHONEOS_DEPLOYMENT_TARGET = 17.0;
				MACOSX_DEPLOYMENT_TARGET = 14.0;
				MARKETING_VERSION = 1.0;
				PRODUCT_BUNDLE_IDENTIFIER = com.tibin.BetterRestUITests;
				PRODUCT_NAME = "$(TARGET_NAME)";
				SDKROOT = auto;
				SUPPORTED_PLATFORMS = "iphoneos iphonesimulator macosx";
				SWIFT_EMIT_LOC_STRINGS = NO;
				SWIFT_VERSION = 5.0;
				TARGETED_DEVICE_FAMILY = "1,2";
				TEST_TARGET_NAME = BetterRest;
			};
			name = Debug;
		};
		C2C8E6AA2B6FC2F8002F6367 /* Release */ = {
			isa = XCBuildConfiguration;
			buildSettings = {
				ALWAYS_EMBED_SWIFT_STANDARD_LIBRARIES = YES;
				CODE_SIGN_STYLE = Automatic;
				CURRENT_PROJECT_VERSION = 1;
				DEVELOPMENT_TEAM = MTVHX6F533;
				GENERATE_INFOPLIST_FILE = YES;
				IPHONEOS_DEPLOYMENT_TARGET = 17.0;
				MACOSX_DEPLOYMENT_TARGET = 14.0;
				MARKETING_VERSION = 1.0;
				PRODUCT_BUNDLE_IDENTIFIER = com.tibin.BetterRestUITests;
				PRODUCT_NAME = "$(TARGET_NAME)";
				SDKROOT = auto;
				SUPPORTED_PLATFORMS = "iphoneos iphonesimulator macosx";
				SWIFT_EMIT_LOC_STRINGS = NO;
				SWIFT_VERSION = 5.0;
				TARGETED_DEVICE_FAMILY = "1,2";
				TEST_TARGET_NAME = BetterRest;
			};
			name = Release;
		};
/* End XCBuildConfiguration section */

/* Begin XCConfigurationList section */
		C2C8E6782B6FC2F7002F6367 /* Build configuration list for PBXProject "BetterRest" */ = {
			isa = XCConfigurationList;
			buildConfigurations = (
				C2C8E6A02B6FC2F8002F6367 /* Debug */,
				C2C8E6A12B6FC2F8002F6367 /* Release */,
			);
			defaultConfigurationIsVisible = 0;
			defaultConfigurationName = Release;
		};
		C2C8E6A22B6FC2F8002F6367 /* Build configuration list for PBXNativeTarget "BetterRest" */ = {
			isa = XCConfigurationList;
			buildConfigurations = (
				C2C8E6A32B6FC2F8002F6367 /* Debug */,
				C2C8E6A42B6FC2F8002F6367 /* Release */,
			);
			defaultConfigurationIsVisible = 0;
			defaultConfigurationName = Release;
		};
		C2C8E6A52B6FC2F8002F6367 /* Build configuration list for PBXNativeTarget "BetterRestTests" */ = {
			isa = XCConfigurationList;
			buildConfigurations = (
				C2C8E6A62B6FC2F8002F6367 /* Debug */,
				C2C8E6A72B6FC2F8002F6367 /* Release */,
			);
			defaultConfigurationIsVisible = 0;
			defaultConfigurationName = Release;
		};
		C2C8E6A82B6FC2F8002F6367 /* Build configuration list for PBXNativeTarget "BetterRestUITests" */ = {
			isa = XCConfigurationList;
			buildConfigurations = (
				C2C8E6A92B6FC2F8002F6367 /* Debug */,
				C2C8E6AA2B6FC2F8002F6367 /* Release */,
			);
			defaultConfigurationIsVisible = 0;
			defaultConfigurationName = Release;
		};
/* End XCConfigurationList section */
	};
	rootObject = C2C8E6752B6FC2F7002F6367 /* Project object */;
}
