// !$*UTF8*$!
{
	archiveVersion = 1;
	classes = {
	};
	objectVersion = 56;
	objects = {

/* Begin PBXBuildFile section */
		C2E53A8E2B756F3D002BBE41 /* MoonShotApp.swift in Sources */ = {isa = PBXBuildFile; fileRef = C2E53A8D2B756F3D002BBE41 /* MoonShotApp.swift */; };
		C2E53A902B756F3D002BBE41 /* ContentView.swift in Sources */ = {isa = PBXBuildFile; fileRef = C2E53A8F2B756F3D002BBE41 /* ContentView.swift */; };
		C2E53A922B756F41002BBE41 /* Assets.xcassets in Resources */ = {isa = PBXBuildFile; fileRef = C2E53A912B756F41002BBE41 /* Assets.xcassets */; };
		C2E53A962B756F41002BBE41 /* Preview Assets.xcassets in Resources */ = {isa = PBXBuildFile; fileRef = C2E53A952B756F41002BBE41 /* Preview Assets.xcassets */; };
		C2E53AA02B756F41002BBE41 /* MoonShotTests.swift in Sources */ = {isa = PBXBuildFile; fileRef = C2E53A9F2B756F41002BBE41 /* MoonShotTests.swift */; };
		C2E53AAA2B756F41002BBE41 /* MoonShotUITests.swift in Sources */ = {isa = PBXBuildFile; fileRef = C2E53AA92B756F41002BBE41 /* MoonShotUITests.swift */; };
		C2E53AAC2B756F41002BBE41 /* MoonShotUITestsLaunchTests.swift in Sources */ = {isa = PBXBuildFile; fileRef = C2E53AAB2B756F41002BBE41 /* MoonShotUITestsLaunchTests.swift */; };
		C2E53ABA2B7678D8002BBE41 /* missions.json in Resources */ = {isa = PBXBuildFile; fileRef = C2E53AB82B7678D8002BBE41 /* missions.json */; };
		C2E53ABB2B7678D8002BBE41 /* astronauts.json in Resources */ = {isa = PBXBuildFile; fileRef = C2E53AB92B7678D8002BBE41 /* astronauts.json */; };
/* End PBXBuildFile section */

/* Begin PBXContainerItemProxy section */
		C2E53A9C2B756F41002BBE41 /* PBXContainerItemProxy */ = {
			isa = PBXContainerItemProxy;
			containerPortal = C2E53A822B756F3D002BBE41 /* Project object */;
			proxyType = 1;
			remoteGlobalIDString = C2E53A892B756F3D002BBE41;
			remoteInfo = MoonShot;
		};
		C2E53AA62B756F41002BBE41 /* PBXContainerItemProxy */ = {
			isa = PBXContainerItemProxy;
			containerPortal = C2E53A822B756F3D002BBE41 /* Project object */;
			proxyType = 1;
			remoteGlobalIDString = C2E53A892B756F3D002BBE41;
			remoteInfo = MoonShot;
		};
/* End PBXContainerItemProxy section */

/* Begin PBXFileReference section */
		C2E53A8A2B756F3D002BBE41 /* MoonShot.app */ = {isa = PBXFileReference; explicitFileType = wrapper.application; includeInIndex = 0; path = MoonShot.app; sourceTree = BUILT_PRODUCTS_DIR; };
		C2E53A8D2B756F3D002BBE41 /* MoonShotApp.swift */ = {isa = PBXFileReference; lastKnownFileType = sourcecode.swift; path = MoonShotApp.swift; sourceTree = "<group>"; };
		C2E53A8F2B756F3D002BBE41 /* ContentView.swift */ = {isa = PBXFileReference; lastKnownFileType = sourcecode.swift; path = ContentView.swift; sourceTree = "<group>"; };
		C2E53A912B756F41002BBE41 /* Assets.xcassets */ = {isa = PBXFileReference; lastKnownFileType = folder.assetcatalog; path = Assets.xcassets; sourceTree = "<group>"; };
		C2E53A932B756F41002BBE41 /* MoonShot.entitlements */ = {isa = PBXFileReference; lastKnownFileType = text.plist.entitlements; path = MoonShot.entitlements; sourceTree = "<group>"; };
		C2E53A952B756F41002BBE41 /* Preview Assets.xcassets */ = {isa = PBXFileReference; lastKnownFileType = folder.assetcatalog; path = "Preview Assets.xcassets"; sourceTree = "<group>"; };
		C2E53A9B2B756F41002BBE41 /* MoonShotTests.xctest */ = {isa = PBXFileReference; explicitFileType = wrapper.cfbundle; includeInIndex = 0; path = MoonShotTests.xctest; sourceTree = BUILT_PRODUCTS_DIR; };
		C2E53A9F2B756F41002BBE41 /* MoonShotTests.swift */ = {isa = PBXFileReference; lastKnownFileType = sourcecode.swift; path = MoonShotTests.swift; sourceTree = "<group>"; };
		C2E53AA52B756F41002BBE41 /* MoonShotUITests.xctest */ = {isa = PBXFileReference; explicitFileType = wrapper.cfbundle; includeInIndex = 0; path = MoonShotUITests.xctest; sourceTree = BUILT_PRODUCTS_DIR; };
		C2E53AA92B756F41002BBE41 /* MoonShotUITests.swift */ = {isa = PBXFileReference; lastKnownFileType = sourcecode.swift; path = MoonShotUITests.swift; sourceTree = "<group>"; };
		C2E53AAB2B756F41002BBE41 /* MoonShotUITestsLaunchTests.swift */ = {isa = PBXFileReference; lastKnownFileType = sourcecode.swift; path = MoonShotUITestsLaunchTests.swift; sourceTree = "<group>"; };
		C2E53AB82B7678D8002BBE41 /* missions.json */ = {isa = PBXFileReference; fileEncoding = 4; lastKnownFileType = text.json; path = missions.json; sourceTree = "<group>"; };
		C2E53AB92B7678D8002BBE41 /* astronauts.json */ = {isa = PBXFileReference; fileEncoding = 4; lastKnownFileType = text.json; path = astronauts.json; sourceTree = "<group>"; };
/* End PBXFileReference section */

/* Begin PBXFrameworksBuildPhase section */
		C2E53A872B756F3D002BBE41 /* Frameworks */ = {
			isa = PBXFrameworksBuildPhase;
			buildActionMask = 2147483647;
			files = (
			);
			runOnlyForDeploymentPostprocessing = 0;
		};
		C2E53A982B756F41002BBE41 /* Frameworks */ = {
			isa = PBXFrameworksBuildPhase;
			buildActionMask = 2147483647;
			files = (
			);
			runOnlyForDeploymentPostprocessing = 0;
		};
		C2E53AA22B756F41002BBE41 /* Frameworks */ = {
			isa = PBXFrameworksBuildPhase;
			buildActionMask = 2147483647;
			files = (
			);
			runOnlyForDeploymentPostprocessing = 0;
		};
/* End PBXFrameworksBuildPhase section */

/* Begin PBXGroup section */
		C2E53A812B756F3D002BBE41 = {
			isa = PBXGroup;
			children = (
				C2E53A8C2B756F3D002BBE41 /* MoonShot */,
				C2E53A9E2B756F41002BBE41 /* MoonShotTests */,
				C2E53AA82B756F41002BBE41 /* MoonShotUITests */,
				C2E53A8B2B756F3D002BBE41 /* Products */,
			);
			sourceTree = "<group>";
		};
		C2E53A8B2B756F3D002BBE41 /* Products */ = {
			isa = PBXGroup;
			children = (
				C2E53A8A2B756F3D002BBE41 /* MoonShot.app */,
				C2E53A9B2B756F41002BBE41 /* MoonShotTests.xctest */,
				C2E53AA52B756F41002BBE41 /* MoonShotUITests.xctest */,
			);
			name = Products;
			sourceTree = "<group>";
		};
		C2E53A8C2B756F3D002BBE41 /* MoonShot */ = {
			isa = PBXGroup;
			children = (
				C2E53A8D2B756F3D002BBE41 /* MoonShotApp.swift */,
				C2E53AB92B7678D8002BBE41 /* astronauts.json */,
				C2E53AB82B7678D8002BBE41 /* missions.json */,
				C2E53A8F2B756F3D002BBE41 /* ContentView.swift */,
				C2E53A912B756F41002BBE41 /* Assets.xcassets */,
				C2E53A932B756F41002BBE41 /* MoonShot.entitlements */,
				C2E53A942B756F41002BBE41 /* Preview Content */,
			);
			path = MoonShot;
			sourceTree = "<group>";
		};
		C2E53A942B756F41002BBE41 /* Preview Content */ = {
			isa = PBXGroup;
			children = (
				C2E53A952B756F41002BBE41 /* Preview Assets.xcassets */,
			);
			path = "Preview Content";
			sourceTree = "<group>";
		};
		C2E53A9E2B756F41002BBE41 /* MoonShotTests */ = {
			isa = PBXGroup;
			children = (
				C2E53A9F2B756F41002BBE41 /* MoonShotTests.swift */,
			);
			path = MoonShotTests;
			sourceTree = "<group>";
		};
		C2E53AA82B756F41002BBE41 /* MoonShotUITests */ = {
			isa = PBXGroup;
			children = (
				C2E53AA92B756F41002BBE41 /* MoonShotUITests.swift */,
				C2E53AAB2B756F41002BBE41 /* MoonShotUITestsLaunchTests.swift */,
			);
			path = MoonShotUITests;
			sourceTree = "<group>";
		};
/* End PBXGroup section */

/* Begin PBXNativeTarget section */
		C2E53A892B756F3D002BBE41 /* MoonShot */ = {
			isa = PBXNativeTarget;
			buildConfigurationList = C2E53AAF2B756F41002BBE41 /* Build configuration list for PBXNativeTarget "MoonShot" */;
			buildPhases = (
				C2E53A862B756F3D002BBE41 /* Sources */,
				C2E53A872B756F3D002BBE41 /* Frameworks */,
				C2E53A882B756F3D002BBE41 /* Resources */,
			);
			buildRules = (
			);
			dependencies = (
			);
			name = MoonShot;
			productName = MoonShot;
			productReference = C2E53A8A2B756F3D002BBE41 /* MoonShot.app */;
			productType = "com.apple.product-type.application";
		};
		C2E53A9A2B756F41002BBE41 /* MoonShotTests */ = {
			isa = PBXNativeTarget;
			buildConfigurationList = C2E53AB22B756F41002BBE41 /* Build configuration list for PBXNativeTarget "MoonShotTests" */;
			buildPhases = (
				C2E53A972B756F41002BBE41 /* Sources */,
				C2E53A982B756F41002BBE41 /* Frameworks */,
				C2E53A992B756F41002BBE41 /* Resources */,
			);
			buildRules = (
			);
			dependencies = (
				C2E53A9D2B756F41002BBE41 /* PBXTargetDependency */,
			);
			name = MoonShotTests;
			productName = MoonShotTests;
			productReference = C2E53A9B2B756F41002BBE41 /* MoonShotTests.xctest */;
			productType = "com.apple.product-type.bundle.unit-test";
		};
		C2E53AA42B756F41002BBE41 /* MoonShotUITests */ = {
			isa = PBXNativeTarget;
			buildConfigurationList = C2E53AB52B756F41002BBE41 /* Build configuration list for PBXNativeTarget "MoonShotUITests" */;
			buildPhases = (
				C2E53AA12B756F41002BBE41 /* Sources */,
				C2E53AA22B756F41002BBE41 /* Frameworks */,
				C2E53AA32B756F41002BBE41 /* Resources */,
			);
			buildRules = (
			);
			dependencies = (
				C2E53AA72B756F41002BBE41 /* PBXTargetDependency */,
			);
			name = MoonShotUITests;
			productName = MoonShotUITests;
			productReference = C2E53AA52B756F41002BBE41 /* MoonShotUITests.xctest */;
			productType = "com.apple.product-type.bundle.ui-testing";
		};
/* End PBXNativeTarget section */

/* Begin PBXProject section */
		C2E53A822B756F3D002BBE41 /* Project object */ = {
			isa = PBXProject;
			attributes = {
				BuildIndependentTargetsInParallel = 1;
				LastSwiftUpdateCheck = 1500;
				LastUpgradeCheck = 1500;
				TargetAttributes = {
					C2E53A892B756F3D002BBE41 = {
						CreatedOnToolsVersion = 15.0.1;
					};
					C2E53A9A2B756F41002BBE41 = {
						CreatedOnToolsVersion = 15.0.1;
						TestTargetID = C2E53A892B756F3D002BBE41;
					};
					C2E53AA42B756F41002BBE41 = {
						CreatedOnToolsVersion = 15.0.1;
						TestTargetID = C2E53A892B756F3D002BBE41;
					};
				};
			};
			buildConfigurationList = C2E53A852B756F3D002BBE41 /* Build configuration list for PBXProject "MoonShot" */;
			compatibilityVersion = "Xcode 14.0";
			developmentRegion = en;
			hasScannedForEncodings = 0;
			knownRegions = (
				en,
				Base,
			);
			mainGroup = C2E53A812B756F3D002BBE41;
			productRefGroup = C2E53A8B2B756F3D002BBE41 /* Products */;
			projectDirPath = "";
			projectRoot = "";
			targets = (
				C2E53A892B756F3D002BBE41 /* MoonShot */,
				C2E53A9A2B756F41002BBE41 /* MoonShotTests */,
				C2E53AA42B756F41002BBE41 /* MoonShotUITests */,
			);
		};
/* End PBXProject section */

/* Begin PBXResourcesBuildPhase section */
		C2E53A882B756F3D002BBE41 /* Resources */ = {
			isa = PBXResourcesBuildPhase;
			buildActionMask = 2147483647;
			files = (
				C2E53A962B756F41002BBE41 /* Preview Assets.xcassets in Resources */,
				C2E53ABA2B7678D8002BBE41 /* missions.json in Resources */,
				C2E53A922B756F41002BBE41 /* Assets.xcassets in Resources */,
				C2E53ABB2B7678D8002BBE41 /* astronauts.json in Resources */,
			);
			runOnlyForDeploymentPostprocessing = 0;
		};
		C2E53A992B756F41002BBE41 /* Resources */ = {
			isa = PBXResourcesBuildPhase;
			buildActionMask = 2147483647;
			files = (
			);
			runOnlyForDeploymentPostprocessing = 0;
		};
		C2E53AA32B756F41002BBE41 /* Resources */ = {
			isa = PBXResourcesBuildPhase;
			buildActionMask = 2147483647;
			files = (
			);
			runOnlyForDeploymentPostprocessing = 0;
		};
/* End PBXResourcesBuildPhase section */

/* Begin PBXSourcesBuildPhase section */
		C2E53A862B756F3D002BBE41 /* Sources */ = {
			isa = PBXSourcesBuildPhase;
			buildActionMask = 2147483647;
			files = (
				C2E53A902B756F3D002BBE41 /* ContentView.swift in Sources */,
				C2E53A8E2B756F3D002BBE41 /* MoonShotApp.swift in Sources */,
			);
			runOnlyForDeploymentPostprocessing = 0;
		};
		C2E53A972B756F41002BBE41 /* Sources */ = {
			isa = PBXSourcesBuildPhase;
			buildActionMask = 2147483647;
			files = (
				C2E53AA02B756F41002BBE41 /* MoonShotTests.swift in Sources */,
			);
			runOnlyForDeploymentPostprocessing = 0;
		};
		C2E53AA12B756F41002BBE41 /* Sources */ = {
			isa = PBXSourcesBuildPhase;
			buildActionMask = 2147483647;
			files = (
				C2E53AAC2B756F41002BBE41 /* MoonShotUITestsLaunchTests.swift in Sources */,
				C2E53AAA2B756F41002BBE41 /* MoonShotUITests.swift in Sources */,
			);
			runOnlyForDeploymentPostprocessing = 0;
		};
/* End PBXSourcesBuildPhase section */

/* Begin PBXTargetDependency section */
		C2E53A9D2B756F41002BBE41 /* PBXTargetDependency */ = {
			isa = PBXTargetDependency;
			target = C2E53A892B756F3D002BBE41 /* MoonShot */;
			targetProxy = C2E53A9C2B756F41002BBE41 /* PBXContainerItemProxy */;
		};
		C2E53AA72B756F41002BBE41 /* PBXTargetDependency */ = {
			isa = PBXTargetDependency;
			target = C2E53A892B756F3D002BBE41 /* MoonShot */;
			targetProxy = C2E53AA62B756F41002BBE41 /* PBXContainerItemProxy */;
		};
/* End PBXTargetDependency section */

/* Begin XCBuildConfiguration section */
		C2E53AAD2B756F41002BBE41 /* Debug */ = {
			isa = XCBuildConfiguration;
			buildSettings = {
				ALWAYS_SEARCH_USER_PATHS = NO;
				ASSETCATALOG_COMPILER_GENERATE_SWIFT_ASSET_SYMBOL_EXTENSIONS = YES;
				CLANG_ANALYZER_NONNULL = YES;
				CLANG_ANALYZER_NUMBER_OBJECT_CONVERSION = YES_AGGRESSIVE;
				CLANG_CXX_LANGUAGE_STANDARD = "gnu++20";
				CLANG_ENABLE_MODULES = YES;
				CLANG_ENABLE_OBJC_ARC = YES;
				CLANG_ENABLE_OBJC_WEAK = YES;
				CLANG_WARN_BLOCK_CAPTURE_AUTORELEASING = YES;
				CLANG_WARN_BOOL_CONVERSION = YES;
				CLANG_WARN_COMMA = YES;
				CLANG_WARN_CONSTANT_CONVERSION = YES;
				CLANG_WARN_DEPRECATED_OBJC_IMPLEMENTATIONS = YES;
				CLANG_WARN_DIRECT_OBJC_ISA_USAGE = YES_ERROR;
				CLANG_WARN_DOCUMENTATION_COMMENTS = YES;
				CLANG_WARN_EMPTY_BODY = YES;
				CLANG_WARN_ENUM_CONVERSION = YES;
				CLANG_WARN_INFINITE_RECURSION = YES;
				CLANG_WARN_INT_CONVERSION = YES;
				CLANG_WARN_NON_LITERAL_NULL_CONVERSION = YES;
				CLANG_WARN_OBJC_IMPLICIT_RETAIN_SELF = YES;
				CLANG_WARN_OBJC_LITERAL_CONVERSION = YES;
				CLANG_WARN_OBJC_ROOT_CLASS = YES_ERROR;
				CLANG_WARN_QUOTED_INCLUDE_IN_FRAMEWORK_HEADER = YES;
				CLANG_WARN_RANGE_LOOP_ANALYSIS = YES;
				CLANG_WARN_STRICT_PROTOTYPES = YES;
				CLANG_WARN_SUSPICIOUS_MOVE = YES;
				CLANG_WARN_UNGUARDED_AVAILABILITY = YES_AGGRESSIVE;
				CLANG_WARN_UNREACHABLE_CODE = YES;
				CLANG_WARN__DUPLICATE_METHOD_MATCH = YES;
				COPY_PHASE_STRIP = NO;
				DEBUG_INFORMATION_FORMAT = dwarf;
				ENABLE_STRICT_OBJC_MSGSEND = YES;
				ENABLE_TESTABILITY = YES;
				ENABLE_USER_SCRIPT_SANDBOXING = YES;
				GCC_C_LANGUAGE_STANDARD = gnu17;
				GCC_DYNAMIC_NO_PIC = NO;
				GCC_NO_COMMON_BLOCKS = YES;
				GCC_OPTIMIZATION_LEVEL = 0;
				GCC_PREPROCESSOR_DEFINITIONS = (
					"DEBUG=1",
					"$(inherited)",
				);
				GCC_WARN_64_TO_32_BIT_CONVERSION = YES;
				GCC_WARN_ABOUT_RETURN_TYPE = YES_ERROR;
				GCC_WARN_UNDECLARED_SELECTOR = YES;
				GCC_WARN_UNINITIALIZED_AUTOS = YES_AGGRESSIVE;
				GCC_WARN_UNUSED_FUNCTION = YES;
				GCC_WARN_UNUSED_VARIABLE = YES;
				LOCALIZATION_PREFERS_STRING_CATALOGS = YES;
				MTL_ENABLE_DEBUG_INFO = INCLUDE_SOURCE;
				MTL_FAST_MATH = YES;
				ONLY_ACTIVE_ARCH = YES;
				SWIFT_ACTIVE_COMPILATION_CONDITIONS = "DEBUG $(inherited)";
				SWIFT_OPTIMIZATION_LEVEL = "-Onone";
			};
			name = Debug;
		};
		C2E53AAE2B756F41002BBE41 /* Release */ = {
			isa = XCBuildConfiguration;
			buildSettings = {
				ALWAYS_SEARCH_USER_PATHS = NO;
				ASSETCATALOG_COMPILER_GENERATE_SWIFT_ASSET_SYMBOL_EXTENSIONS = YES;
				CLANG_ANALYZER_NONNULL = YES;
				CLANG_ANALYZER_NUMBER_OBJECT_CONVERSION = YES_AGGRESSIVE;
				CLANG_CXX_LANGUAGE_STANDARD = "gnu++20";
				CLANG_ENABLE_MODULES = YES;
				CLANG_ENABLE_OBJC_ARC = YES;
				CLANG_ENABLE_OBJC_WEAK = YES;
				CLANG_WARN_BLOCK_CAPTURE_AUTORELEASING = YES;
				CLANG_WARN_BOOL_CONVERSION = YES;
				CLANG_WARN_COMMA = YES;
				CLANG_WARN_CONSTANT_CONVERSION = YES;
				CLANG_WARN_DEPRECATED_OBJC_IMPLEMENTATIONS = YES;
				CLANG_WARN_DIRECT_OBJC_ISA_USAGE = YES_ERROR;
				CLANG_WARN_DOCUMENTATION_COMMENTS = YES;
				CLANG_WARN_EMPTY_BODY = YES;
				CLANG_WARN_ENUM_CONVERSION = YES;
				CLANG_WARN_INFINITE_RECURSION = YES;
				CLANG_WARN_INT_CONVERSION = YES;
				CLANG_WARN_NON_LITERAL_NULL_CONVERSION = YES;
				CLANG_WARN_OBJC_IMPLICIT_RETAIN_SELF = YES;
				CLANG_WARN_OBJC_LITERAL_CONVERSION = YES;
				CLANG_WARN_OBJC_ROOT_CLASS = YES_ERROR;
				CLANG_WARN_QUOTED_INCLUDE_IN_FRAMEWORK_HEADER = YES;
				CLANG_WARN_RANGE_LOOP_ANALYSIS = YES;
				CLANG_WARN_STRICT_PROTOTYPES = YES;
				CLANG_WARN_SUSPICIOUS_MOVE = YES;
				CLANG_WARN_UNGUARDED_AVAILABILITY = YES_AGGRESSIVE;
				CLANG_WARN_UNREACHABLE_CODE = YES;
				CLANG_WARN__DUPLICATE_METHOD_MATCH = YES;
				COPY_PHASE_STRIP = NO;
				DEBUG_INFORMATION_FORMAT = "dwarf-with-dsym";
				ENABLE_NS_ASSERTIONS = NO;
				ENABLE_STRICT_OBJC_MSGSEND = YES;
				ENABLE_USER_SCRIPT_SANDBOXING = YES;
				GCC_C_LANGUAGE_STANDARD = gnu17;
				GCC_NO_COMMON_BLOCKS = YES;
				GCC_WARN_64_TO_32_BIT_CONVERSION = YES;
				GCC_WARN_ABOUT_RETURN_TYPE = YES_ERROR;
				GCC_WARN_UNDECLARED_SELECTOR = YES;
				GCC_WARN_UNINITIALIZED_AUTOS = YES_AGGRESSIVE;
				GCC_WARN_UNUSED_FUNCTION = YES;
				GCC_WARN_UNUSED_VARIABLE = YES;
				LOCALIZATION_PREFERS_STRING_CATALOGS = YES;
				MTL_ENABLE_DEBUG_INFO = NO;
				MTL_FAST_MATH = YES;
				SWIFT_COMPILATION_MODE = wholemodule;
			};
			name = Release;
		};
		C2E53AB02B756F41002BBE41 /* Debug */ = {
			isa = XCBuildConfiguration;
			buildSettings = {
				ASSETCATALOG_COMPILER_APPICON_NAME = AppIcon;
				ASSETCATALOG_COMPILER_GLOBAL_ACCENT_COLOR_NAME = AccentColor;
				CODE_SIGN_ENTITLEMENTS = MoonShot/MoonShot.entitlements;
				CODE_SIGN_STYLE = Automatic;
				CURRENT_PROJECT_VERSION = 1;
				DEVELOPMENT_ASSET_PATHS = "\"MoonShot/Preview Content\"";
				DEVELOPMENT_TEAM = MTVHX6F533;
				ENABLE_HARDENED_RUNTIME = YES;
				ENABLE_PREVIEWS = YES;
				GENERATE_INFOPLIST_FILE = YES;
				"INFOPLIST_KEY_UIApplicationSceneManifest_Generation[sdk=iphoneos*]" = YES;
				"INFOPLIST_KEY_UIApplicationSceneManifest_Generation[sdk=iphonesimulator*]" = YES;
				"INFOPLIST_KEY_UIApplicationSupportsIndirectInputEvents[sdk=iphoneos*]" = YES;
				"INFOPLIST_KEY_UIApplicationSupportsIndirectInputEvents[sdk=iphonesimulator*]" = YES;
				"INFOPLIST_KEY_UILaunchScreen_Generation[sdk=iphoneos*]" = YES;
				"INFOPLIST_KEY_UILaunchScreen_Generation[sdk=iphonesimulator*]" = YES;
				"INFOPLIST_KEY_UIStatusBarStyle[sdk=iphoneos*]" = UIStatusBarStyleDefault;
				"INFOPLIST_KEY_UIStatusBarStyle[sdk=iphonesimulator*]" = UIStatusBarStyleDefault;
				INFOPLIST_KEY_UISupportedInterfaceOrientations_iPad = "UIInterfaceOrientationPortrait UIInterfaceOrientationPortraitUpsideDown UIInterfaceOrientationLandscapeLeft UIInterfaceOrientationLandscapeRight";
				INFOPLIST_KEY_UISupportedInterfaceOrientations_iPhone = "UIInterfaceOrientationPortrait UIInterfaceOrientationLandscapeLeft UIInterfaceOrientationLandscapeRight";
				IPHONEOS_DEPLOYMENT_TARGET = 17.0;
				LD_RUNPATH_SEARCH_PATHS = "@executable_path/Frameworks";
				"LD_RUNPATH_SEARCH_PATHS[sdk=macosx*]" = "@executable_path/../Frameworks";
				MACOSX_DEPLOYMENT_TARGET = 14.0;
				MARKETING_VERSION = 1.0;
				PRODUCT_BUNDLE_IDENTIFIER = com.tibin.MoonShot;
				PRODUCT_NAME = "$(TARGET_NAME)";
				SDKROOT = auto;
				SUPPORTED_PLATFORMS = "iphoneos iphonesimulator macosx";
				SWIFT_EMIT_LOC_STRINGS = YES;
				SWIFT_VERSION = 5.0;
				TARGETED_DEVICE_FAMILY = "1,2";
			};
			name = Debug;
		};
		C2E53AB12B756F41002BBE41 /* Release */ = {
			isa = XCBuildConfiguration;
			buildSettings = {
				ASSETCATALOG_COMPILER_APPICON_NAME = AppIcon;
				ASSETCATALOG_COMPILER_GLOBAL_ACCENT_COLOR_NAME = AccentColor;
				CODE_SIGN_ENTITLEMENTS = MoonShot/MoonShot.entitlements;
				CODE_SIGN_STYLE = Automatic;
				CURRENT_PROJECT_VERSION = 1;
				DEVELOPMENT_ASSET_PATHS = "\"MoonShot/Preview Content\"";
				DEVELOPMENT_TEAM = MTVHX6F533;
				ENABLE_HARDENED_RUNTIME = YES;
				ENABLE_PREVIEWS = YES;
				GENERATE_INFOPLIST_FILE = YES;
				"INFOPLIST_KEY_UIApplicationSceneManifest_Generation[sdk=iphoneos*]" = YES;
				"INFOPLIST_KEY_UIApplicationSceneManifest_Generation[sdk=iphonesimulator*]" = YES;
				"INFOPLIST_KEY_UIApplicationSupportsIndirectInputEvents[sdk=iphoneos*]" = YES;
				"INFOPLIST_KEY_UIApplicationSupportsIndirectInputEvents[sdk=iphonesimulator*]" = YES;
				"INFOPLIST_KEY_UILaunchScreen_Generation[sdk=iphoneos*]" = YES;
				"INFOPLIST_KEY_UILaunchScreen_Generation[sdk=iphonesimulator*]" = YES;
				"INFOPLIST_KEY_UIStatusBarStyle[sdk=iphoneos*]" = UIStatusBarStyleDefault;
				"INFOPLIST_KEY_UIStatusBarStyle[sdk=iphonesimulator*]" = UIStatusBarStyleDefault;
				INFOPLIST_KEY_UISupportedInterfaceOrientations_iPad = "UIInterfaceOrientationPortrait UIInterfaceOrientationPortraitUpsideDown UIInterfaceOrientationLandscapeLeft UIInterfaceOrientationLandscapeRight";
				INFOPLIST_KEY_UISupportedInterfaceOrientations_iPhone = "UIInterfaceOrientationPortrait UIInterfaceOrientationLandscapeLeft UIInterfaceOrientationLandscapeRight";
				IPHONEOS_DEPLOYMENT_TARGET = 17.0;
				LD_RUNPATH_SEARCH_PATHS = "@executable_path/Frameworks";
				"LD_RUNPATH_SEARCH_PATHS[sdk=macosx*]" = "@executable_path/../Frameworks";
				MACOSX_DEPLOYMENT_TARGET = 14.0;
				MARKETING_VERSION = 1.0;
				PRODUCT_BUNDLE_IDENTIFIER = com.tibin.MoonShot;
				PRODUCT_NAME = "$(TARGET_NAME)";
				SDKROOT = auto;
				SUPPORTED_PLATFORMS = "iphoneos iphonesimulator macosx";
				SWIFT_EMIT_LOC_STRINGS = YES;
				SWIFT_VERSION = 5.0;
				TARGETED_DEVICE_FAMILY = "1,2";
			};
			name = Release;
		};
		C2E53AB32B756F41002BBE41 /* Debug */ = {
			isa = XCBuildConfiguration;
			buildSettings = {
				ALWAYS_EMBED_SWIFT_STANDARD_LIBRARIES = YES;
				BUNDLE_LOADER = "$(TEST_HOST)";
				CODE_SIGN_STYLE = Automatic;
				CURRENT_PROJECT_VERSION = 1;
				DEVELOPMENT_TEAM = MTVHX6F533;
				GENERATE_INFOPLIST_FILE = YES;
				IPHONEOS_DEPLOYMENT_TARGET = 17.0;
				MACOSX_DEPLOYMENT_TARGET = 14.0;
				MARKETING_VERSION = 1.0;
				PRODUCT_BUNDLE_IDENTIFIER = com.tibin.MoonShotTests;
				PRODUCT_NAME = "$(TARGET_NAME)";
				SDKROOT = auto;
				SUPPORTED_PLATFORMS = "iphoneos iphonesimulator macosx";
				SWIFT_EMIT_LOC_STRINGS = NO;
				SWIFT_VERSION = 5.0;
				TARGETED_DEVICE_FAMILY = "1,2";
				TEST_HOST = "$(BUILT_PRODUCTS_DIR)/MoonShot.app/$(BUNDLE_EXECUTABLE_FOLDER_PATH)/MoonShot";
			};
			name = Debug;
		};
		C2E53AB42B756F41002BBE41 /* Release */ = {
			isa = XCBuildConfiguration;
			buildSettings = {
				ALWAYS_EMBED_SWIFT_STANDARD_LIBRARIES = YES;
				BUNDLE_LOADER = "$(TEST_HOST)";
				CODE_SIGN_STYLE = Automatic;
				CURRENT_PROJECT_VERSION = 1;
				DEVELOPMENT_TEAM = MTVHX6F533;
				GENERATE_INFOPLIST_FILE = YES;
				IPHONEOS_DEPLOYMENT_TARGET = 17.0;
				MACOSX_DEPLOYMENT_TARGET = 14.0;
				MARKETING_VERSION = 1.0;
				PRODUCT_BUNDLE_IDENTIFIER = com.tibin.MoonShotTests;
				PRODUCT_NAME = "$(TARGET_NAME)";
				SDKROOT = auto;
				SUPPORTED_PLATFORMS = "iphoneos iphonesimulator macosx";
				SWIFT_EMIT_LOC_STRINGS = NO;
				SWIFT_VERSION = 5.0;
				TARGETED_DEVICE_FAMILY = "1,2";
				TEST_HOST = "$(BUILT_PRODUCTS_DIR)/MoonShot.app/$(BUNDLE_EXECUTABLE_FOLDER_PATH)/MoonShot";
			};
			name = Release;
		};
		C2E53AB62B756F41002BBE41 /* Debug */ = {
			isa = XCBuildConfiguration;
			buildSettings = {
				ALWAYS_EMBED_SWIFT_STANDARD_LIBRARIES = YES;
				CODE_SIGN_STYLE = Automatic;
				CURRENT_PROJECT_VERSION = 1;
				DEVELOPMENT_TEAM = MTVHX6F533;
				GENERATE_INFOPLIST_FILE = YES;
				IPHONEOS_DEPLOYMENT_TARGET = 17.0;
				MACOSX_DEPLOYMENT_TARGET = 14.0;
				MARKETING_VERSION = 1.0;
				PRODUCT_BUNDLE_IDENTIFIER = com.tibin.MoonShotUITests;
				PRODUCT_NAME = "$(TARGET_NAME)";
				SDKROOT = auto;
				SUPPORTED_PLATFORMS = "iphoneos iphonesimulator macosx";
				SWIFT_EMIT_LOC_STRINGS = NO;
				SWIFT_VERSION = 5.0;
				TARGETED_DEVICE_FAMILY = "1,2";
				TEST_TARGET_NAME = MoonShot;
			};
			name = Debug;
		};
		C2E53AB72B756F41002BBE41 /* Release */ = {
			isa = XCBuildConfiguration;
			buildSettings = {
				ALWAYS_EMBED_SWIFT_STANDARD_LIBRARIES = YES;
				CODE_SIGN_STYLE = Automatic;
				CURRENT_PROJECT_VERSION = 1;
				DEVELOPMENT_TEAM = MTVHX6F533;
				GENERATE_INFOPLIST_FILE = YES;
				IPHONEOS_DEPLOYMENT_TARGET = 17.0;
				MACOSX_DEPLOYMENT_TARGET = 14.0;
				MARKETING_VERSION = 1.0;
				PRODUCT_BUNDLE_IDENTIFIER = com.tibin.MoonShotUITests;
				PRODUCT_NAME = "$(TARGET_NAME)";
				SDKROOT = auto;
				SUPPORTED_PLATFORMS = "iphoneos iphonesimulator macosx";
				SWIFT_EMIT_LOC_STRINGS = NO;
				SWIFT_VERSION = 5.0;
				TARGETED_DEVICE_FAMILY = "1,2";
				TEST_TARGET_NAME = MoonShot;
			};
			name = Release;
		};
/* End XCBuildConfiguration section */

/* Begin XCConfigurationList section */
		C2E53A852B756F3D002BBE41 /* Build configuration list for PBXProject "MoonShot" */ = {
			isa = XCConfigurationList;
			buildConfigurations = (
				C2E53AAD2B756F41002BBE41 /* Debug */,
				C2E53AAE2B756F41002BBE41 /* Release */,
			);
			defaultConfigurationIsVisible = 0;
			defaultConfigurationName = Release;
		};
		C2E53AAF2B756F41002BBE41 /* Build configuration list for PBXNativeTarget "MoonShot" */ = {
			isa = XCConfigurationList;
			buildConfigurations = (
				C2E53AB02B756F41002BBE41 /* Debug */,
				C2E53AB12B756F41002BBE41 /* Release */,
			);
			defaultConfigurationIsVisible = 0;
			defaultConfigurationName = Release;
		};
		C2E53AB22B756F41002BBE41 /* Build configuration list for PBXNativeTarget "MoonShotTests" */ = {
			isa = XCConfigurationList;
			buildConfigurations = (
				C2E53AB32B756F41002BBE41 /* Debug */,
				C2E53AB42B756F41002BBE41 /* Release */,
			);
			defaultConfigurationIsVisible = 0;
			defaultConfigurationName = Release;
		};
		C2E53AB52B756F41002BBE41 /* Build configuration list for PBXNativeTarget "MoonShotUITests" */ = {
			isa = XCConfigurationList;
			buildConfigurations = (
				C2E53AB62B756F41002BBE41 /* Debug */,
				C2E53AB72B756F41002BBE41 /* Release */,
			);
			defaultConfigurationIsVisible = 0;
			defaultConfigurationName = Release;
		};
/* End XCConfigurationList section */
	};
	rootObject = C2E53A822B756F3D002BBE41 /* Project object */;
}
