// !$*UTF8*$!
{
	archiveVersion = 1;
	classes = {
	};
	objectVersion = 56;
	objects = {

/* Begin PBXBuildFile section */
		C2664F942B7E46EE002270CA /* BookwormApp.swift in Sources */ = {isa = PBXBuildFile; fileRef = C2664F932B7E46EE002270CA /* BookwormApp.swift */; };
		C2664F962B7E46EE002270CA /* ContentView.swift in Sources */ = {isa = PBXBuildFile; fileRef = C2664F952B7E46EE002270CA /* ContentView.swift */; };
		C2664F982B7E46F0002270CA /* Assets.xcassets in Resources */ = {isa = PBXBuildFile; fileRef = C2664F972B7E46F0002270CA /* Assets.xcassets */; };
		C2664F9B2B7E46F0002270CA /* Preview Assets.xcassets in Resources */ = {isa = PBXBuildFile; fileRef = C2664F9A2B7E46F0002270CA /* Preview Assets.xcassets */; };
		C2664FA52B7E46F0002270CA /* BookwormTests.swift in Sources */ = {isa = PBXBuildFile; fileRef = C2664FA42B7E46F0002270CA /* BookwormTests.swift */; };
		C2664FAF2B7E46F0002270CA /* BookwormUITests.swift in Sources */ = {isa = PBXBuildFile; fileRef = C2664FAE2B7E46F0002270CA /* BookwormUITests.swift */; };
		C2664FB12B7E46F0002270CA /* BookwormUITestsLaunchTests.swift in Sources */ = {isa = PBXBuildFile; fileRef = C2664FB02B7E46F0002270CA /* BookwormUITestsLaunchTests.swift */; };
		C2664FBE2B7E5604002270CA /* Student.swift in Sources */ = {isa = PBXBuildFile; fileRef = C2664FBD2B7E5604002270CA /* Student.swift */; };
		C2E4206A2B7FB8AF00DF3367 /* SliderView.swift in Sources */ = {isa = PBXBuildFile; fileRef = C2E420692B7FB8AF00DF3367 /* SliderView.swift */; };
		C2E4206C2B7FEA2800DF3367 /* Book.swift in Sources */ = {isa = PBXBuildFile; fileRef = C2E4206B2B7FEA2800DF3367 /* Book.swift */; };
		C2E4206E2B7FF07700DF3367 /* RatingView.swift in Sources */ = {isa = PBXBuildFile; fileRef = C2E4206D2B7FF07700DF3367 /* RatingView.swift */; };
/* End PBXBuildFile section */

/* Begin PBXContainerItemProxy section */
		C2664FA12B7E46F0002270CA /* PBXContainerItemProxy */ = {
			isa = PBXContainerItemProxy;
			containerPortal = C2664F882B7E46EE002270CA /* Project object */;
			proxyType = 1;
			remoteGlobalIDString = C2664F8F2B7E46EE002270CA;
			remoteInfo = Bookworm;
		};
		C2664FAB2B7E46F0002270CA /* PBXContainerItemProxy */ = {
			isa = PBXContainerItemProxy;
			containerPortal = C2664F882B7E46EE002270CA /* Project object */;
			proxyType = 1;
			remoteGlobalIDString = C2664F8F2B7E46EE002270CA;
			remoteInfo = Bookworm;
		};
/* End PBXContainerItemProxy section */

/* Begin PBXFileReference section */
		C2664F902B7E46EE002270CA /* Bookworm.app */ = {isa = PBXFileReference; explicitFileType = wrapper.application; includeInIndex = 0; path = Bookworm.app; sourceTree = BUILT_PRODUCTS_DIR; };
		C2664F932B7E46EE002270CA /* BookwormApp.swift */ = {isa = PBXFileReference; lastKnownFileType = sourcecode.swift; path = BookwormApp.swift; sourceTree = "<group>"; };
		C2664F952B7E46EE002270CA /* ContentView.swift */ = {isa = PBXFileReference; lastKnownFileType = sourcecode.swift; path = ContentView.swift; sourceTree = "<group>"; };
		C2664F972B7E46F0002270CA /* Assets.xcassets */ = {isa = PBXFileReference; lastKnownFileType = folder.assetcatalog; path = Assets.xcassets; sourceTree = "<group>"; };
		C2664F9A2B7E46F0002270CA /* Preview Assets.xcassets */ = {isa = PBXFileReference; lastKnownFileType = folder.assetcatalog; path = "Preview Assets.xcassets"; sourceTree = "<group>"; };
		C2664FA02B7E46F0002270CA /* BookwormTests.xctest */ = {isa = PBXFileReference; explicitFileType = wrapper.cfbundle; includeInIndex = 0; path = BookwormTests.xctest; sourceTree = BUILT_PRODUCTS_DIR; };
		C2664FA42B7E46F0002270CA /* BookwormTests.swift */ = {isa = PBXFileReference; lastKnownFileType = sourcecode.swift; path = BookwormTests.swift; sourceTree = "<group>"; };
		C2664FAA2B7E46F0002270CA /* BookwormUITests.xctest */ = {isa = PBXFileReference; explicitFileType = wrapper.cfbundle; includeInIndex = 0; path = BookwormUITests.xctest; sourceTree = BUILT_PRODUCTS_DIR; };
		C2664FAE2B7E46F0002270CA /* BookwormUITests.swift */ = {isa = PBXFileReference; lastKnownFileType = sourcecode.swift; path = BookwormUITests.swift; sourceTree = "<group>"; };
		C2664FB02B7E46F0002270CA /* BookwormUITestsLaunchTests.swift */ = {isa = PBXFileReference; lastKnownFileType = sourcecode.swift; path = BookwormUITestsLaunchTests.swift; sourceTree = "<group>"; };
		C2664FBD2B7E5604002270CA /* Student.swift */ = {isa = PBXFileReference; lastKnownFileType = sourcecode.swift; path = Student.swift; sourceTree = "<group>"; };
		C2E420692B7FB8AF00DF3367 /* SliderView.swift */ = {isa = PBXFileReference; lastKnownFileType = sourcecode.swift; path = SliderView.swift; sourceTree = "<group>"; };
		C2E4206B2B7FEA2800DF3367 /* Book.swift */ = {isa = PBXFileReference; lastKnownFileType = sourcecode.swift; path = Book.swift; sourceTree = "<group>"; };
		C2E4206D2B7FF07700DF3367 /* RatingView.swift */ = {isa = PBXFileReference; lastKnownFileType = sourcecode.swift; path = RatingView.swift; sourceTree = "<group>"; };
/* End PBXFileReference section */

/* Begin PBXFrameworksBuildPhase section */
		C2664F8D2B7E46EE002270CA /* Frameworks */ = {
			isa = PBXFrameworksBuildPhase;
			buildActionMask = 2147483647;
			files = (
			);
			runOnlyForDeploymentPostprocessing = 0;
		};
		C2664F9D2B7E46F0002270CA /* Frameworks */ = {
			isa = PBXFrameworksBuildPhase;
			buildActionMask = 2147483647;
			files = (
			);
			runOnlyForDeploymentPostprocessing = 0;
		};
		C2664FA72B7E46F0002270CA /* Frameworks */ = {
			isa = PBXFrameworksBuildPhase;
			buildActionMask = 2147483647;
			files = (
			);
			runOnlyForDeploymentPostprocessing = 0;
		};
/* End PBXFrameworksBuildPhase section */

/* Begin PBXGroup section */
		C2664F872B7E46EE002270CA = {
			isa = PBXGroup;
			children = (
				C2E4206D2B7FF07700DF3367 /* RatingView.swift */,
				C2664F922B7E46EE002270CA /* Bookworm */,
				C2664FA32B7E46F0002270CA /* BookwormTests */,
				C2664FAD2B7E46F0002270CA /* BookwormUITests */,
				C2664F912B7E46EE002270CA /* Products */,
			);
			sourceTree = "<group>";
		};
		C2664F912B7E46EE002270CA /* Products */ = {
			isa = PBXGroup;
			children = (
				C2664F902B7E46EE002270CA /* Bookworm.app */,
				C2664FA02B7E46F0002270CA /* BookwormTests.xctest */,
				C2664FAA2B7E46F0002270CA /* BookwormUITests.xctest */,
			);
			name = Products;
			sourceTree = "<group>";
		};
		C2664F922B7E46EE002270CA /* Bookworm */ = {
			isa = PBXGroup;
			children = (
				C2664F932B7E46EE002270CA /* BookwormApp.swift */,
				C2664F952B7E46EE002270CA /* ContentView.swift */,
				C2E4206B2B7FEA2800DF3367 /* Book.swift */,
				C2E420692B7FB8AF00DF3367 /* SliderView.swift */,
				C2664FBD2B7E5604002270CA /* Student.swift */,
				C2664F972B7E46F0002270CA /* Assets.xcassets */,
				C2664F992B7E46F0002270CA /* Preview Content */,
			);
			path = Bookworm;
			sourceTree = "<group>";
		};
		C2664F992B7E46F0002270CA /* Preview Content */ = {
			isa = PBXGroup;
			children = (
				C2664F9A2B7E46F0002270CA /* Preview Assets.xcassets */,
			);
			path = "Preview Content";
			sourceTree = "<group>";
		};
		C2664FA32B7E46F0002270CA /* BookwormTests */ = {
			isa = PBXGroup;
			children = (
				C2664FA42B7E46F0002270CA /* BookwormTests.swift */,
			);
			path = BookwormTests;
			sourceTree = "<group>";
		};
		C2664FAD2B7E46F0002270CA /* BookwormUITests */ = {
			isa = PBXGroup;
			children = (
				C2664FAE2B7E46F0002270CA /* BookwormUITests.swift */,
				C2664FB02B7E46F0002270CA /* BookwormUITestsLaunchTests.swift */,
			);
			path = BookwormUITests;
			sourceTree = "<group>";
		};
/* End PBXGroup section */

/* Begin PBXNativeTarget section */
		C2664F8F2B7E46EE002270CA /* Bookworm */ = {
			isa = PBXNativeTarget;
			buildConfigurationList = C2664FB42B7E46F0002270CA /* Build configuration list for PBXNativeTarget "Bookworm" */;
			buildPhases = (
				C2664F8C2B7E46EE002270CA /* Sources */,
				C2664F8D2B7E46EE002270CA /* Frameworks */,
				C2664F8E2B7E46EE002270CA /* Resources */,
			);
			buildRules = (
			);
			dependencies = (
			);
			name = Bookworm;
			productName = Bookworm;
			productReference = C2664F902B7E46EE002270CA /* Bookworm.app */;
			productType = "com.apple.product-type.application";
		};
		C2664F9F2B7E46F0002270CA /* BookwormTests */ = {
			isa = PBXNativeTarget;
			buildConfigurationList = C2664FB72B7E46F0002270CA /* Build configuration list for PBXNativeTarget "BookwormTests" */;
			buildPhases = (
				C2664F9C2B7E46F0002270CA /* Sources */,
				C2664F9D2B7E46F0002270CA /* Frameworks */,
				C2664F9E2B7E46F0002270CA /* Resources */,
			);
			buildRules = (
			);
			dependencies = (
				C2664FA22B7E46F0002270CA /* PBXTargetDependency */,
			);
			name = BookwormTests;
			productName = BookwormTests;
			productReference = C2664FA02B7E46F0002270CA /* BookwormTests.xctest */;
			productType = "com.apple.product-type.bundle.unit-test";
		};
		C2664FA92B7E46F0002270CA /* BookwormUITests */ = {
			isa = PBXNativeTarget;
			buildConfigurationList = C2664FBA2B7E46F0002270CA /* Build configuration list for PBXNativeTarget "BookwormUITests" */;
			buildPhases = (
				C2664FA62B7E46F0002270CA /* Sources */,
				C2664FA72B7E46F0002270CA /* Frameworks */,
				C2664FA82B7E46F0002270CA /* Resources */,
			);
			buildRules = (
			);
			dependencies = (
				C2664FAC2B7E46F0002270CA /* PBXTargetDependency */,
			);
			name = BookwormUITests;
			productName = BookwormUITests;
			productReference = C2664FAA2B7E46F0002270CA /* BookwormUITests.xctest */;
			productType = "com.apple.product-type.bundle.ui-testing";
		};
/* End PBXNativeTarget section */

/* Begin PBXProject section */
		C2664F882B7E46EE002270CA /* Project object */ = {
			isa = PBXProject;
			attributes = {
				BuildIndependentTargetsInParallel = 1;
				LastSwiftUpdateCheck = 1500;
				LastUpgradeCheck = 1500;
				TargetAttributes = {
					C2664F8F2B7E46EE002270CA = {
						CreatedOnToolsVersion = 15.0.1;
					};
					C2664F9F2B7E46F0002270CA = {
						CreatedOnToolsVersion = 15.0.1;
						TestTargetID = C2664F8F2B7E46EE002270CA;
					};
					C2664FA92B7E46F0002270CA = {
						CreatedOnToolsVersion = 15.0.1;
						TestTargetID = C2664F8F2B7E46EE002270CA;
					};
				};
			};
			buildConfigurationList = C2664F8B2B7E46EE002270CA /* Build configuration list for PBXProject "Bookworm" */;
			compatibilityVersion = "Xcode 14.0";
			developmentRegion = en;
			hasScannedForEncodings = 0;
			knownRegions = (
				en,
				Base,
			);
			mainGroup = C2664F872B7E46EE002270CA;
			productRefGroup = C2664F912B7E46EE002270CA /* Products */;
			projectDirPath = "";
			projectRoot = "";
			targets = (
				C2664F8F2B7E46EE002270CA /* Bookworm */,
				C2664F9F2B7E46F0002270CA /* BookwormTests */,
				C2664FA92B7E46F0002270CA /* BookwormUITests */,
			);
		};
/* End PBXProject section */

/* Begin PBXResourcesBuildPhase section */
		C2664F8E2B7E46EE002270CA /* Resources */ = {
			isa = PBXResourcesBuildPhase;
			buildActionMask = 2147483647;
			files = (
				C2664F9B2B7E46F0002270CA /* Preview Assets.xcassets in Resources */,
				C2664F982B7E46F0002270CA /* Assets.xcassets in Resources */,
			);
			runOnlyForDeploymentPostprocessing = 0;
		};
		C2664F9E2B7E46F0002270CA /* Resources */ = {
			isa = PBXResourcesBuildPhase;
			buildActionMask = 2147483647;
			files = (
			);
			runOnlyForDeploymentPostprocessing = 0;
		};
		C2664FA82B7E46F0002270CA /* Resources */ = {
			isa = PBXResourcesBuildPhase;
			buildActionMask = 2147483647;
			files = (
			);
			runOnlyForDeploymentPostprocessing = 0;
		};
/* End PBXResourcesBuildPhase section */

/* Begin PBXSourcesBuildPhase section */
		C2664F8C2B7E46EE002270CA /* Sources */ = {
			isa = PBXSourcesBuildPhase;
			buildActionMask = 2147483647;
			files = (
				C2664F962B7E46EE002270CA /* ContentView.swift in Sources */,
				C2E4206A2B7FB8AF00DF3367 /* SliderView.swift in Sources */,
				C2664FBE2B7E5604002270CA /* Student.swift in Sources */,
				C2E4206E2B7FF07700DF3367 /* RatingView.swift in Sources */,
				C2E4206C2B7FEA2800DF3367 /* Book.swift in Sources */,
				C2664F942B7E46EE002270CA /* BookwormApp.swift in Sources */,
			);
			runOnlyForDeploymentPostprocessing = 0;
		};
		C2664F9C2B7E46F0002270CA /* Sources */ = {
			isa = PBXSourcesBuildPhase;
			buildActionMask = 2147483647;
			files = (
				C2664FA52B7E46F0002270CA /* BookwormTests.swift in Sources */,
			);
			runOnlyForDeploymentPostprocessing = 0;
		};
		C2664FA62B7E46F0002270CA /* Sources */ = {
			isa = PBXSourcesBuildPhase;
			buildActionMask = 2147483647;
			files = (
				C2664FB12B7E46F0002270CA /* BookwormUITestsLaunchTests.swift in Sources */,
				C2664FAF2B7E46F0002270CA /* BookwormUITests.swift in Sources */,
			);
			runOnlyForDeploymentPostprocessing = 0;
		};
/* End PBXSourcesBuildPhase section */

/* Begin PBXTargetDependency section */
		C2664FA22B7E46F0002270CA /* PBXTargetDependency */ = {
			isa = PBXTargetDependency;
			target = C2664F8F2B7E46EE002270CA /* Bookworm */;
			targetProxy = C2664FA12B7E46F0002270CA /* PBXContainerItemProxy */;
		};
		C2664FAC2B7E46F0002270CA /* PBXTargetDependency */ = {
			isa = PBXTargetDependency;
			target = C2664F8F2B7E46EE002270CA /* Bookworm */;
			targetProxy = C2664FAB2B7E46F0002270CA /* PBXContainerItemProxy */;
		};
/* End PBXTargetDependency section */

/* Begin XCBuildConfiguration section */
		C2664FB22B7E46F0002270CA /* Debug */ = {
			isa = XCBuildConfiguration;
			buildSettings = {
				ALWAYS_SEARCH_USER_PATHS = NO;
				ASSETCATALOG_COMPILER_GENERATE_SWIFT_ASSET_SYMBOL_EXTENSIONS = YES;
				CLANG_ANALYZER_NONNULL = YES;
				CLANG_ANALYZER_NUMBER_OBJECT_CONVERSION = YES_AGGRESSIVE;
				CLANG_CXX_LANGUAGE_STANDARD = "gnu++20";
				CLANG_ENABLE_MODULES = YES;
				CLANG_ENABLE_OBJC_ARC = YES;
				CLANG_ENABLE_OBJC_WEAK = YES;
				CLANG_WARN_BLOCK_CAPTURE_AUTORELEASING = YES;
				CLANG_WARN_BOOL_CONVERSION = YES;
				CLANG_WARN_COMMA = YES;
				CLANG_WARN_CONSTANT_CONVERSION = YES;
				CLANG_WARN_DEPRECATED_OBJC_IMPLEMENTATIONS = YES;
				CLANG_WARN_DIRECT_OBJC_ISA_USAGE = YES_ERROR;
				CLANG_WARN_DOCUMENTATION_COMMENTS = YES;
				CLANG_WARN_EMPTY_BODY = YES;
				CLANG_WARN_ENUM_CONVERSION = YES;
				CLANG_WARN_INFINITE_RECURSION = YES;
				CLANG_WARN_INT_CONVERSION = YES;
				CLANG_WARN_NON_LITERAL_NULL_CONVERSION = YES;
				CLANG_WARN_OBJC_IMPLICIT_RETAIN_SELF = YES;
				CLANG_WARN_OBJC_LITERAL_CONVERSION = YES;
				CLANG_WARN_OBJC_ROOT_CLASS = YES_ERROR;
				CLANG_WARN_QUOTED_INCLUDE_IN_FRAMEWORK_HEADER = YES;
				CLANG_WARN_RANGE_LOOP_ANALYSIS = YES;
				CLANG_WARN_STRICT_PROTOTYPES = YES;
				CLANG_WARN_SUSPICIOUS_MOVE = YES;
				CLANG_WARN_UNGUARDED_AVAILABILITY = YES_AGGRESSIVE;
				CLANG_WARN_UNREACHABLE_CODE = YES;
				CLANG_WARN__DUPLICATE_METHOD_MATCH = YES;
				COPY_PHASE_STRIP = NO;
				DEBUG_INFORMATION_FORMAT = dwarf;
				ENABLE_STRICT_OBJC_MSGSEND = YES;
				ENABLE_TESTABILITY = YES;
				ENABLE_USER_SCRIPT_SANDBOXING = YES;
				GCC_C_LANGUAGE_STANDARD = gnu17;
				GCC_DYNAMIC_NO_PIC = NO;
				GCC_NO_COMMON_BLOCKS = YES;
				GCC_OPTIMIZATION_LEVEL = 0;
				GCC_PREPROCESSOR_DEFINITIONS = (
					"DEBUG=1",
					"$(inherited)",
				);
				GCC_WARN_64_TO_32_BIT_CONVERSION = YES;
				GCC_WARN_ABOUT_RETURN_TYPE = YES_ERROR;
				GCC_WARN_UNDECLARED_SELECTOR = YES;
				GCC_WARN_UNINITIALIZED_AUTOS = YES_AGGRESSIVE;
				GCC_WARN_UNUSED_FUNCTION = YES;
				GCC_WARN_UNUSED_VARIABLE = YES;
				IPHONEOS_DEPLOYMENT_TARGET = 17.0;
				LOCALIZATION_PREFERS_STRING_CATALOGS = YES;
				MTL_ENABLE_DEBUG_INFO = INCLUDE_SOURCE;
				MTL_FAST_MATH = YES;
				ONLY_ACTIVE_ARCH = YES;
				SDKROOT = iphoneos;
				SWIFT_ACTIVE_COMPILATION_CONDITIONS = "DEBUG $(inherited)";
				SWIFT_OPTIMIZATION_LEVEL = "-Onone";
			};
			name = Debug;
		};
		C2664FB32B7E46F0002270CA /* Release */ = {
			isa = XCBuildConfiguration;
			buildSettings = {
				ALWAYS_SEARCH_USER_PATHS = NO;
				ASSETCATALOG_COMPILER_GENERATE_SWIFT_ASSET_SYMBOL_EXTENSIONS = YES;
				CLANG_ANALYZER_NONNULL = YES;
				CLANG_ANALYZER_NUMBER_OBJECT_CONVERSION = YES_AGGRESSIVE;
				CLANG_CXX_LANGUAGE_STANDARD = "gnu++20";
				CLANG_ENABLE_MODULES = YES;
				CLANG_ENABLE_OBJC_ARC = YES;
				CLANG_ENABLE_OBJC_WEAK = YES;
				CLANG_WARN_BLOCK_CAPTURE_AUTORELEASING = YES;
				CLANG_WARN_BOOL_CONVERSION = YES;
				CLANG_WARN_COMMA = YES;
				CLANG_WARN_CONSTANT_CONVERSION = YES;
				CLANG_WARN_DEPRECATED_OBJC_IMPLEMENTATIONS = YES;
				CLANG_WARN_DIRECT_OBJC_ISA_USAGE = YES_ERROR;
				CLANG_WARN_DOCUMENTATION_COMMENTS = YES;
				CLANG_WARN_EMPTY_BODY = YES;
				CLANG_WARN_ENUM_CONVERSION = YES;
				CLANG_WARN_INFINITE_RECURSION = YES;
				CLANG_WARN_INT_CONVERSION = YES;
				CLANG_WARN_NON_LITERAL_NULL_CONVERSION = YES;
				CLANG_WARN_OBJC_IMPLICIT_RETAIN_SELF = YES;
				CLANG_WARN_OBJC_LITERAL_CONVERSION = YES;
				CLANG_WARN_OBJC_ROOT_CLASS = YES_ERROR;
				CLANG_WARN_QUOTED_INCLUDE_IN_FRAMEWORK_HEADER = YES;
				CLANG_WARN_RANGE_LOOP_ANALYSIS = YES;
				CLANG_WARN_STRICT_PROTOTYPES = YES;
				CLANG_WARN_SUSPICIOUS_MOVE = YES;
				CLANG_WARN_UNGUARDED_AVAILABILITY = YES_AGGRESSIVE;
				CLANG_WARN_UNREACHABLE_CODE = YES;
				CLANG_WARN__DUPLICATE_METHOD_MATCH = YES;
				COPY_PHASE_STRIP = NO;
				DEBUG_INFORMATION_FORMAT = "dwarf-with-dsym";
				ENABLE_NS_ASSERTIONS = NO;
				ENABLE_STRICT_OBJC_MSGSEND = YES;
				ENABLE_USER_SCRIPT_SANDBOXING = YES;
				GCC_C_LANGUAGE_STANDARD = gnu17;
				GCC_NO_COMMON_BLOCKS = YES;
				GCC_WARN_64_TO_32_BIT_CONVERSION = YES;
				GCC_WARN_ABOUT_RETURN_TYPE = YES_ERROR;
				GCC_WARN_UNDECLARED_SELECTOR = YES;
				GCC_WARN_UNINITIALIZED_AUTOS = YES_AGGRESSIVE;
				GCC_WARN_UNUSED_FUNCTION = YES;
				GCC_WARN_UNUSED_VARIABLE = YES;
				IPHONEOS_DEPLOYMENT_TARGET = 17.0;
				LOCALIZATION_PREFERS_STRING_CATALOGS = YES;
				MTL_ENABLE_DEBUG_INFO = NO;
				MTL_FAST_MATH = YES;
				SDKROOT = iphoneos;
				SWIFT_COMPILATION_MODE = wholemodule;
				VALIDATE_PRODUCT = YES;
			};
			name = Release;
		};
		C2664FB52B7E46F0002270CA /* Debug */ = {
			isa = XCBuildConfiguration;
			buildSettings = {
				ASSETCATALOG_COMPILER_APPICON_NAME = AppIcon;
				ASSETCATALOG_COMPILER_GLOBAL_ACCENT_COLOR_NAME = AccentColor;
				CODE_SIGN_STYLE = Automatic;
				CURRENT_PROJECT_VERSION = 1;
				DEVELOPMENT_ASSET_PATHS = "\"Bookworm/Preview Content\"";
				DEVELOPMENT_TEAM = MTVHX6F533;
				ENABLE_PREVIEWS = YES;
				GENERATE_INFOPLIST_FILE = YES;
				INFOPLIST_KEY_UIApplicationSceneManifest_Generation = YES;
				INFOPLIST_KEY_UIApplicationSupportsIndirectInputEvents = YES;
				INFOPLIST_KEY_UILaunchScreen_Generation = YES;
				INFOPLIST_KEY_UISupportedInterfaceOrientations_iPad = "UIInterfaceOrientationPortrait UIInterfaceOrientationPortraitUpsideDown UIInterfaceOrientationLandscapeLeft UIInterfaceOrientationLandscapeRight";
				INFOPLIST_KEY_UISupportedInterfaceOrientations_iPhone = "UIInterfaceOrientationPortrait UIInterfaceOrientationLandscapeLeft UIInterfaceOrientationLandscapeRight";
				LD_RUNPATH_SEARCH_PATHS = (
					"$(inherited)",
					"@executable_path/Frameworks",
				);
				MARKETING_VERSION = 1.0;
				PRODUCT_BUNDLE_IDENTIFIER = com.tibin.Bookworm;
				PRODUCT_NAME = "$(TARGET_NAME)";
				SWIFT_EMIT_LOC_STRINGS = YES;
				SWIFT_VERSION = 5.0;
				TARGETED_DEVICE_FAMILY = "1,2";
			};
			name = Debug;
		};
		C2664FB62B7E46F0002270CA /* Release */ = {
			isa = XCBuildConfiguration;
			buildSettings = {
				ASSETCATALOG_COMPILER_APPICON_NAME = AppIcon;
				ASSETCATALOG_COMPILER_GLOBAL_ACCENT_COLOR_NAME = AccentColor;
				CODE_SIGN_STYLE = Automatic;
				CURRENT_PROJECT_VERSION = 1;
				DEVELOPMENT_ASSET_PATHS = "\"Bookworm/Preview Content\"";
				DEVELOPMENT_TEAM = MTVHX6F533;
				ENABLE_PREVIEWS = YES;
				GENERATE_INFOPLIST_FILE = YES;
				INFOPLIST_KEY_UIApplicationSceneManifest_Generation = YES;
				INFOPLIST_KEY_UIApplicationSupportsIndirectInputEvents = YES;
				INFOPLIST_KEY_UILaunchScreen_Generation = YES;
				INFOPLIST_KEY_UISupportedInterfaceOrientations_iPad = "UIInterfaceOrientationPortrait UIInterfaceOrientationPortraitUpsideDown UIInterfaceOrientationLandscapeLeft UIInterfaceOrientationLandscapeRight";
				INFOPLIST_KEY_UISupportedInterfaceOrientations_iPhone = "UIInterfaceOrientationPortrait UIInterfaceOrientationLandscapeLeft UIInterfaceOrientationLandscapeRight";
				LD_RUNPATH_SEARCH_PATHS = (
					"$(inherited)",
					"@executable_path/Frameworks",
				);
				MARKETING_VERSION = 1.0;
				PRODUCT_BUNDLE_IDENTIFIER = com.tibin.Bookworm;
				PRODUCT_NAME = "$(TARGET_NAME)";
				SWIFT_EMIT_LOC_STRINGS = YES;
				SWIFT_VERSION = 5.0;
				TARGETED_DEVICE_FAMILY = "1,2";
			};
			name = Release;
		};
		C2664FB82B7E46F0002270CA /* Debug */ = {
			isa = XCBuildConfiguration;
			buildSettings = {
				ALWAYS_EMBED_SWIFT_STANDARD_LIBRARIES = YES;
				BUNDLE_LOADER = "$(TEST_HOST)";
				CODE_SIGN_STYLE = Automatic;
				CURRENT_PROJECT_VERSION = 1;
				DEVELOPMENT_TEAM = MTVHX6F533;
				GENERATE_INFOPLIST_FILE = YES;
				IPHONEOS_DEPLOYMENT_TARGET = 17.0;
				MARKETING_VERSION = 1.0;
				PRODUCT_BUNDLE_IDENTIFIER = com.tibin.BookwormTests;
				PRODUCT_NAME = "$(TARGET_NAME)";
				SWIFT_EMIT_LOC_STRINGS = NO;
				SWIFT_VERSION = 5.0;
				TARGETED_DEVICE_FAMILY = "1,2";
				TEST_HOST = "$(BUILT_PRODUCTS_DIR)/Bookworm.app/$(BUNDLE_EXECUTABLE_FOLDER_PATH)/Bookworm";
			};
			name = Debug;
		};
		C2664FB92B7E46F0002270CA /* Release */ = {
			isa = XCBuildConfiguration;
			buildSettings = {
				ALWAYS_EMBED_SWIFT_STANDARD_LIBRARIES = YES;
				BUNDLE_LOADER = "$(TEST_HOST)";
				CODE_SIGN_STYLE = Automatic;
				CURRENT_PROJECT_VERSION = 1;
				DEVELOPMENT_TEAM = MTVHX6F533;
				GENERATE_INFOPLIST_FILE = YES;
				IPHONEOS_DEPLOYMENT_TARGET = 17.0;
				MARKETING_VERSION = 1.0;
				PRODUCT_BUNDLE_IDENTIFIER = com.tibin.BookwormTests;
				PRODUCT_NAME = "$(TARGET_NAME)";
				SWIFT_EMIT_LOC_STRINGS = NO;
				SWIFT_VERSION = 5.0;
				TARGETED_DEVICE_FAMILY = "1,2";
				TEST_HOST = "$(BUILT_PRODUCTS_DIR)/Bookworm.app/$(BUNDLE_EXECUTABLE_FOLDER_PATH)/Bookworm";
			};
			name = Release;
		};
		C2664FBB2B7E46F0002270CA /* Debug */ = {
			isa = XCBuildConfiguration;
			buildSettings = {
				ALWAYS_EMBED_SWIFT_STANDARD_LIBRARIES = YES;
				CODE_SIGN_STYLE = Automatic;
				CURRENT_PROJECT_VERSION = 1;
				DEVELOPMENT_TEAM = MTVHX6F533;
				GENERATE_INFOPLIST_FILE = YES;
				MARKETING_VERSION = 1.0;
				PRODUCT_BUNDLE_IDENTIFIER = com.tibin.BookwormUITests;
				PRODUCT_NAME = "$(TARGET_NAME)";
				SWIFT_EMIT_LOC_STRINGS = NO;
				SWIFT_VERSION = 5.0;
				TARGETED_DEVICE_FAMILY = "1,2";
				TEST_TARGET_NAME = Bookworm;
			};
			name = Debug;
		};
		C2664FBC2B7E46F0002270CA /* Release */ = {
			isa = XCBuildConfiguration;
			buildSettings = {
				ALWAYS_EMBED_SWIFT_STANDARD_LIBRARIES = YES;
				CODE_SIGN_STYLE = Automatic;
				CURRENT_PROJECT_VERSION = 1;
				DEVELOPMENT_TEAM = MTVHX6F533;
				GENERATE_INFOPLIST_FILE = YES;
				MARKETING_VERSION = 1.0;
				PRODUCT_BUNDLE_IDENTIFIER = com.tibin.BookwormUITests;
				PRODUCT_NAME = "$(TARGET_NAME)";
				SWIFT_EMIT_LOC_STRINGS = NO;
				SWIFT_VERSION = 5.0;
				TARGETED_DEVICE_FAMILY = "1,2";
				TEST_TARGET_NAME = Bookworm;
			};
			name = Release;
		};
/* End XCBuildConfiguration section */

/* Begin XCConfigurationList section */
		C2664F8B2B7E46EE002270CA /* Build configuration list for PBXProject "Bookworm" */ = {
			isa = XCConfigurationList;
			buildConfigurations = (
				C2664FB22B7E46F0002270CA /* Debug */,
				C2664FB32B7E46F0002270CA /* Release */,
			);
			defaultConfigurationIsVisible = 0;
			defaultConfigurationName = Release;
		};
		C2664FB42B7E46F0002270CA /* Build configuration list for PBXNativeTarget "Bookworm" */ = {
			isa = XCConfigurationList;
			buildConfigurations = (
				C2664FB52B7E46F0002270CA /* Debug */,
				C2664FB62B7E46F0002270CA /* Release */,
			);
			defaultConfigurationIsVisible = 0;
			defaultConfigurationName = Release;
		};
		C2664FB72B7E46F0002270CA /* Build configuration list for PBXNativeTarget "BookwormTests" */ = {
			isa = XCConfigurationList;
			buildConfigurations = (
				C2664FB82B7E46F0002270CA /* Debug */,
				C2664FB92B7E46F0002270CA /* Release */,
			);
			defaultConfigurationIsVisible = 0;
			defaultConfigurationName = Release;
		};
		C2664FBA2B7E46F0002270CA /* Build configuration list for PBXNativeTarget "BookwormUITests" */ = {
			isa = XCConfigurationList;
			buildConfigurations = (
				C2664FBB2B7E46F0002270CA /* Debug */,
				C2664FBC2B7E46F0002270CA /* Release */,
			);
			defaultConfigurationIsVisible = 0;
			defaultConfigurationName = Release;
		};
/* End XCConfigurationList section */
	};
	rootObject = C2664F882B7E46EE002270CA /* Project object */;
}
