// !$*UTF8*$!
{
	archiveVersion = 1;
	classes = {
	};
	objectVersion = 50;
	objects = {

/* Begin PBXBuildFile section */
		1F66C16D234661310006B1DE /* AppDelegate.swift in Sources */ = {isa = PBXBuildFile; fileRef = 1F66C16C234661310006B1DE /* AppDelegate.swift */; };
		1F66C16F234661310006B1DE /* ViewController.swift in Sources */ = {isa = PBXBuildFile; fileRef = 1F66C16E234661310006B1DE /* ViewController.swift */; };
		1F66C172234661310006B1DE /* Main.storyboard in Resources */ = {isa = PBXBuildFile; fileRef = 1F66C170234661310006B1DE /* Main.storyboard */; };
		1F66C174234661330006B1DE /* Assets.xcassets in Resources */ = {isa = PBXBuildFile; fileRef = 1F66C173234661330006B1DE /* Assets.xcassets */; };
		1F66C177234661330006B1DE /* LaunchScreen.storyboard in Resources */ = {isa = PBXBuildFile; fileRef = 1F66C175234661330006B1DE /* LaunchScreen.storyboard */; };
		1F66C19C2346614F0006B1DE /* ContentService.swift in Sources */ = {isa = PBXBuildFile; fileRef = 1F66C19B2346614F0006B1DE /* ContentService.swift */; };
		1F66C19F2347BB4F0006B1DE /* Response.json in Resources */ = {isa = PBXBuildFile; fileRef = 1F66C19E2347BB4F0006B1DE /* Response.json */; };
		9329679227710FA700B1A0F3 /* MainView.swift in Sources */ = {isa = PBXBuildFile; fileRef = 9329679127710FA700B1A0F3 /* MainView.swift */; };
		93FDA42C27F24EE600B9F463 /* ContentServiceCombine.swift in Sources */ = {isa = PBXBuildFile; fileRef = 93FDA42B27F24EE600B9F463 /* ContentServiceCombine.swift */; };
		A545A95D273C9F61004D6006 /* FakeNetworkSession.swift in Sources */ = {isa = PBXBuildFile; fileRef = A545A95C273C9F61004D6006 /* FakeNetworkSession.swift */; };
		DB92183E2728C37400AED67F /* MenuSpec.png in Resources */ = {isa = PBXBuildFile; fileRef = DB92183D2728C37400AED67F /* MenuSpec.png */; };
/* End PBXBuildFile section */

/* Begin PBXFileReference section */
		1F66C169234661310006B1DE /* Menu.app */ = {isa = PBXFileReference; explicitFileType = wrapper.application; includeInIndex = 0; path = Menu.app; sourceTree = BUILT_PRODUCTS_DIR; };
		1F66C16C234661310006B1DE /* AppDelegate.swift */ = {isa = PBXFileReference; lastKnownFileType = sourcecode.swift; path = AppDelegate.swift; sourceTree = "<group>"; };
		1F66C16E234661310006B1DE /* ViewController.swift */ = {isa = PBXFileReference; lastKnownFileType = sourcecode.swift; path = ViewController.swift; sourceTree = "<group>"; };
		1F66C171234661310006B1DE /* Base */ = {isa = PBXFileReference; lastKnownFileType = file.storyboard; name = Base; path = Base.lproj/Main.storyboard; sourceTree = "<group>"; };
		1F66C173234661330006B1DE /* Assets.xcassets */ = {isa = PBXFileReference; lastKnownFileType = folder.assetcatalog; path = Assets.xcassets; sourceTree = "<group>"; };
		1F66C176234661330006B1DE /* Base */ = {isa = PBXFileReference; lastKnownFileType = file.storyboard; name = Base; path = Base.lproj/LaunchScreen.storyboard; sourceTree = "<group>"; };
		1F66C178234661330006B1DE /* Info.plist */ = {isa = PBXFileReference; lastKnownFileType = text.plist.xml; path = Info.plist; sourceTree = "<group>"; };
		1F66C19B2346614F0006B1DE /* ContentService.swift */ = {isa = PBXFileReference; lastKnownFileType = sourcecode.swift; path = ContentService.swift; sourceTree = "<group>"; };
		1F66C19E2347BB4F0006B1DE /* Response.json */ = {isa = PBXFileReference; lastKnownFileType = text.json; path = Response.json; sourceTree = "<group>"; };
		1F66C1A02347C0D30006B1DE /* README.md */ = {isa = PBXFileReference; lastKnownFileType = net.daringfireball.markdown; path = README.md; sourceTree = "<group>"; };
		9329679127710FA700B1A0F3 /* MainView.swift */ = {isa = PBXFileReference; lastKnownFileType = sourcecode.swift; path = MainView.swift; sourceTree = "<group>"; };
		93FDA42B27F24EE600B9F463 /* ContentServiceCombine.swift */ = {isa = PBXFileReference; lastKnownFileType = sourcecode.swift; path = ContentServiceCombine.swift; sourceTree = "<group>"; };
		A545A95C273C9F61004D6006 /* FakeNetworkSession.swift */ = {isa = PBXFileReference; lastKnownFileType = sourcecode.swift; path = FakeNetworkSession.swift; sourceTree = "<group>"; };
		DB92183D2728C37400AED67F /* MenuSpec.png */ = {isa = PBXFileReference; lastKnownFileType = image.png; path = MenuSpec.png; sourceTree = "<group>"; };
/* End PBXFileReference section */

/* Begin PBXFrameworksBuildPhase section */
		1F66C166234661310006B1DE /* Frameworks */ = {
			isa = PBXFrameworksBuildPhase;
			buildActionMask = 2147483647;
			files = (
			);
			runOnlyForDeploymentPostprocessing = 0;
		};
/* End PBXFrameworksBuildPhase section */

/* Begin PBXGroup section */
		1F66C160234661310006B1DE = {
			isa = PBXGroup;
			children = (
				1F66C16B234661310006B1DE /* Menu */,
				1F66C16A234661310006B1DE /* Products */,
			);
			sourceTree = "<group>";
		};
		1F66C16A234661310006B1DE /* Products */ = {
			isa = PBXGroup;
			children = (
				1F66C169234661310006B1DE /* Menu.app */,
			);
			name = Products;
			sourceTree = "<group>";
		};
		1F66C16B234661310006B1DE /* Menu */ = {
			isa = PBXGroup;
			children = (
				1F66C19D2346627E0006B1DE /* Resources */,
				1F66C19A2346613B0006B1DE /* UIKit */,
				93FDA42A27F24EA600B9F463 /* SwiftUI */,
				DB0AC2762728C86500AF3F3B /* Support Files */,
			);
			path = Menu;
			sourceTree = "<group>";
		};
		1F66C19A2346613B0006B1DE /* UIKit */ = {
			isa = PBXGroup;
			children = (
				1F66C19B2346614F0006B1DE /* ContentService.swift */,
				1F66C16E234661310006B1DE /* ViewController.swift */,
				1F66C170234661310006B1DE /* Main.storyboard */,
			);
			path = UIKit;
			sourceTree = "<group>";
		};
		1F66C19D2346627E0006B1DE /* Resources */ = {
			isa = PBXGroup;
			children = (
				1F66C1A02347C0D30006B1DE /* README.md */,
				DB92183D2728C37400AED67F /* MenuSpec.png */,
				1F66C19E2347BB4F0006B1DE /* Response.json */,
			);
			path = Resources;
			sourceTree = "<group>";
		};
		93FDA42A27F24EA600B9F463 /* SwiftUI */ = {
			isa = PBXGroup;
			children = (
				93FDA42B27F24EE600B9F463 /* ContentServiceCombine.swift */,
				9329679127710FA700B1A0F3 /* MainView.swift */,
			);
			path = SwiftUI;
			sourceTree = "<group>";
		};
		DB0AC2762728C86500AF3F3B /* Support Files */ = {
			isa = PBXGroup;
			children = (
				1F66C16C234661310006B1DE /* AppDelegate.swift */,
				1F66C173234661330006B1DE /* Assets.xcassets */,
				1F66C175234661330006B1DE /* LaunchScreen.storyboard */,
				1F66C178234661330006B1DE /* Info.plist */,
				A545A95C273C9F61004D6006 /* FakeNetworkSession.swift */,
			);
			name = "Support Files";
			sourceTree = "<group>";
		};
/* End PBXGroup section */

/* Begin PBXNativeTarget section */
		1F66C168234661310006B1DE /* Menu */ = {
			isa = PBXNativeTarget;
			buildConfigurationList = 1F66C191234661330006B1DE /* Build configuration list for PBXNativeTarget "Menu" */;
			buildPhases = (
				1F66C165234661310006B1DE /* Sources */,
				1F66C166234661310006B1DE /* Frameworks */,
				1F66C167234661310006B1DE /* Resources */,
			);
			buildRules = (
			);
			dependencies = (
			);
			name = Menu;
			productName = "DoorDashTPS-ItemDetail";
			productReference = 1F66C169234661310006B1DE /* Menu.app */;
			productType = "com.apple.product-type.application";
		};
/* End PBXNativeTarget section */

/* Begin PBXProject section */
		1F66C161234661310006B1DE /* Project object */ = {
			isa = PBXProject;
			attributes = {
				LastSwiftUpdateCheck = 1020;
				LastUpgradeCheck = 1310;
				ORGANIZATIONNAME = "DoorDash, Inc.";
				TargetAttributes = {
					1F66C168234661310006B1DE = {
						CreatedOnToolsVersion = 10.2.1;
					};
				};
			};
			buildConfigurationList = 1F66C164234661310006B1DE /* Build configuration list for PBXProject "Menu" */;
			compatibilityVersion = "Xcode 9.3";
			developmentRegion = en;
			hasScannedForEncodings = 0;
			knownRegions = (
				en,
				Base,
			);
			mainGroup = 1F66C160234661310006B1DE;
			productRefGroup = 1F66C16A234661310006B1DE /* Products */;
			projectDirPath = "";
			projectRoot = "";
			targets = (
				1F66C168234661310006B1DE /* Menu */,
			);
		};
/* End PBXProject section */

/* Begin PBXResourcesBuildPhase section */
		1F66C167234661310006B1DE /* Resources */ = {
			isa = PBXResourcesBuildPhase;
			buildActionMask = 2147483647;
			files = (
				DB92183E2728C37400AED67F /* MenuSpec.png in Resources */,
				1F66C177234661330006B1DE /* LaunchScreen.storyboard in Resources */,
				1F66C174234661330006B1DE /* Assets.xcassets in Resources */,
				1F66C172234661310006B1DE /* Main.storyboard in Resources */,
				1F66C19F2347BB4F0006B1DE /* Response.json in Resources */,
			);
			runOnlyForDeploymentPostprocessing = 0;
		};
/* End PBXResourcesBuildPhase section */

/* Begin PBXSourcesBuildPhase section */
		1F66C165234661310006B1DE /* Sources */ = {
			isa = PBXSourcesBuildPhase;
			buildActionMask = 2147483647;
			files = (
				A545A95D273C9F61004D6006 /* FakeNetworkSession.swift in Sources */,
				93FDA42C27F24EE600B9F463 /* ContentServiceCombine.swift in Sources */,
				1F66C19C2346614F0006B1DE /* ContentService.swift in Sources */,
				9329679227710FA700B1A0F3 /* MainView.swift in Sources */,
				1F66C16F234661310006B1DE /* ViewController.swift in Sources */,
				1F66C16D234661310006B1DE /* AppDelegate.swift in Sources */,
			);
			runOnlyForDeploymentPostprocessing = 0;
		};
/* End PBXSourcesBuildPhase section */

/* Begin PBXVariantGroup section */
		1F66C170234661310006B1DE /* Main.storyboard */ = {
			isa = PBXVariantGroup;
			children = (
				1F66C171234661310006B1DE /* Base */,
			);
			name = Main.storyboard;
			sourceTree = "<group>";
		};
		1F66C175234661330006B1DE /* LaunchScreen.storyboard */ = {
			isa = PBXVariantGroup;
			children = (
				1F66C176234661330006B1DE /* Base */,
			);
			name = LaunchScreen.storyboard;
			sourceTree = "<group>";
		};
/* End PBXVariantGroup section */

/* Begin XCBuildConfiguration section */
		1F66C18F234661330006B1DE /* Debug */ = {
			isa = XCBuildConfiguration;
			buildSettings = {
				ALWAYS_SEARCH_USER_PATHS = NO;
				CLANG_ANALYZER_NONNULL = YES;
				CLANG_ANALYZER_NUMBER_OBJECT_CONVERSION = YES_AGGRESSIVE;
				CLANG_CXX_LANGUAGE_STANDARD = "gnu++14";
				CLANG_CXX_LIBRARY = "libc++";
				CLANG_ENABLE_MODULES = YES;
				CLANG_ENABLE_OBJC_ARC = YES;
				CLANG_ENABLE_OBJC_WEAK = YES;
				CLANG_WARN_BLOCK_CAPTURE_AUTORELEASING = YES;
				CLANG_WARN_BOOL_CONVERSION = YES;
				CLANG_WARN_COMMA = YES;
				CLANG_WARN_CONSTANT_CONVERSION = YES;
				CLANG_WARN_DEPRECATED_OBJC_IMPLEMENTATIONS = YES;
				CLANG_WARN_DIRECT_OBJC_ISA_USAGE = YES_ERROR;
				CLANG_WARN_DOCUMENTATION_COMMENTS = YES;
				CLANG_WARN_EMPTY_BODY = YES;
				CLANG_WARN_ENUM_CONVERSION = YES;
				CLANG_WARN_INFINITE_RECURSION = YES;
				CLANG_WARN_INT_CONVERSION = YES;
				CLANG_WARN_NON_LITERAL_NULL_CONVERSION = YES;
				CLANG_WARN_OBJC_IMPLICIT_RETAIN_SELF = YES;
				CLANG_WARN_OBJC_LITERAL_CONVERSION = YES;
				CLANG_WARN_OBJC_ROOT_CLASS = YES_ERROR;
				CLANG_WARN_QUOTED_INCLUDE_IN_FRAMEWORK_HEADER = YES;
				CLANG_WARN_RANGE_LOOP_ANALYSIS = YES;
				CLANG_WARN_STRICT_PROTOTYPES = YES;
				CLANG_WARN_SUSPICIOUS_MOVE = YES;
				CLANG_WARN_UNGUARDED_AVAILABILITY = YES_AGGRESSIVE;
				CLANG_WARN_UNREACHABLE_CODE = YES;
				CLANG_WARN__DUPLICATE_METHOD_MATCH = YES;
				CODE_SIGN_IDENTITY = "iPhone Developer";
				COPY_PHASE_STRIP = NO;
				DEBUG_INFORMATION_FORMAT = dwarf;
				ENABLE_STRICT_OBJC_MSGSEND = YES;
				ENABLE_TESTABILITY = YES;
				GCC_C_LANGUAGE_STANDARD = gnu11;
				GCC_DYNAMIC_NO_PIC = NO;
				GCC_NO_COMMON_BLOCKS = YES;
				GCC_OPTIMIZATION_LEVEL = 0;
				GCC_PREPROCESSOR_DEFINITIONS = (
					"DEBUG=1",
					"$(inherited)",
				);
				GCC_WARN_64_TO_32_BIT_CONVERSION = YES;
				GCC_WARN_ABOUT_RETURN_TYPE = YES_ERROR;
				GCC_WARN_UNDECLARED_SELECTOR = YES;
				GCC_WARN_UNINITIALIZED_AUTOS = YES_AGGRESSIVE;
				GCC_WARN_UNUSED_FUNCTION = YES;
				GCC_WARN_UNUSED_VARIABLE = YES;
				IPHONEOS_DEPLOYMENT_TARGET = 14.0;
				MTL_ENABLE_DEBUG_INFO = INCLUDE_SOURCE;
				MTL_FAST_MATH = YES;
				ONLY_ACTIVE_ARCH = YES;
				SDKROOT = iphoneos;
				SWIFT_ACTIVE_COMPILATION_CONDITIONS = "DEBUG UIKIT";
				SWIFT_OPTIMIZATION_LEVEL = "-Onone";
			};
			name = Debug;
		};
		1F66C190234661330006B1DE /* Release */ = {
			isa = XCBuildConfiguration;
			buildSettings = {
				ALWAYS_SEARCH_USER_PATHS = NO;
				CLANG_ANALYZER_NONNULL = YES;
				CLANG_ANALYZER_NUMBER_OBJECT_CONVERSION = YES_AGGRESSIVE;
				CLANG_CXX_LANGUAGE_STANDARD = "gnu++14";
				CLANG_CXX_LIBRARY = "libc++";
				CLANG_ENABLE_MODULES = YES;
				CLANG_ENABLE_OBJC_ARC = YES;
				CLANG_ENABLE_OBJC_WEAK = YES;
				CLANG_WARN_BLOCK_CAPTURE_AUTORELEASING = YES;
				CLANG_WARN_BOOL_CONVERSION = YES;
				CLANG_WARN_COMMA = YES;
				CLANG_WARN_CONSTANT_CONVERSION = YES;
				CLANG_WARN_DEPRECATED_OBJC_IMPLEMENTATIONS = YES;
				CLANG_WARN_DIRECT_OBJC_ISA_USAGE = YES_ERROR;
				CLANG_WARN_DOCUMENTATION_COMMENTS = YES;
				CLANG_WARN_EMPTY_BODY = YES;
				CLANG_WARN_ENUM_CONVERSION = YES;
				CLANG_WARN_INFINITE_RECURSION = YES;
				CLANG_WARN_INT_CONVERSION = YES;
				CLANG_WARN_NON_LITERAL_NULL_CONVERSION = YES;
				CLANG_WARN_OBJC_IMPLICIT_RETAIN_SELF = YES;
				CLANG_WARN_OBJC_LITERAL_CONVERSION = YES;
				CLANG_WARN_OBJC_ROOT_CLASS = YES_ERROR;
				CLANG_WARN_QUOTED_INCLUDE_IN_FRAMEWORK_HEADER = YES;
				CLANG_WARN_RANGE_LOOP_ANALYSIS = YES;
				CLANG_WARN_STRICT_PROTOTYPES = YES;
				CLANG_WARN_SUSPICIOUS_MOVE = YES;
				CLANG_WARN_UNGUARDED_AVAILABILITY = YES_AGGRESSIVE;
				CLANG_WARN_UNREACHABLE_CODE = YES;
				CLANG_WARN__DUPLICATE_METHOD_MATCH = YES;
				CODE_SIGN_IDENTITY = "iPhone Developer";
				COPY_PHASE_STRIP = NO;
				DEBUG_INFORMATION_FORMAT = "dwarf-with-dsym";
				ENABLE_NS_ASSERTIONS = NO;
				ENABLE_STRICT_OBJC_MSGSEND = YES;
				GCC_C_LANGUAGE_STANDARD = gnu11;
				GCC_NO_COMMON_BLOCKS = YES;
				GCC_WARN_64_TO_32_BIT_CONVERSION = YES;
				GCC_WARN_ABOUT_RETURN_TYPE = YES_ERROR;
				GCC_WARN_UNDECLARED_SELECTOR = YES;
				GCC_WARN_UNINITIALIZED_AUTOS = YES_AGGRESSIVE;
				GCC_WARN_UNUSED_FUNCTION = YES;
				GCC_WARN_UNUSED_VARIABLE = YES;
				IPHONEOS_DEPLOYMENT_TARGET = 14.0;
				MTL_ENABLE_DEBUG_INFO = NO;
				MTL_FAST_MATH = YES;
				SDKROOT = iphoneos;
				SWIFT_COMPILATION_MODE = wholemodule;
				SWIFT_OPTIMIZATION_LEVEL = "-O";
				VALIDATE_PRODUCT = YES;
			};
			name = Release;
		};
		1F66C192234661330006B1DE /* Debug */ = {
			isa = XCBuildConfiguration;
			buildSettings = {
				ASSETCATALOG_COMPILER_APPICON_NAME = AppIcon;
				CODE_SIGN_STYLE = Automatic;
				DEVELOPMENT_TEAM = W44ZWC57TC;
				INFOPLIST_FILE = "$(SRCROOT)/Menu/Info.plist";
				LD_RUNPATH_SEARCH_PATHS = (
					"$(inherited)",
					"@executable_path/Frameworks",
				);
				PRODUCT_BUNDLE_IDENTIFIER = com.doordash.Menu;
				PRODUCT_NAME = "$(TARGET_NAME)";
				SWIFT_ACTIVE_COMPILATION_CONDITIONS = DEBUG;
				SWIFT_VERSION = 5.0;
				TARGETED_DEVICE_FAMILY = "1,2";
			};
			name = Debug;
		};
		1F66C193234661330006B1DE /* Release */ = {
			isa = XCBuildConfiguration;
			buildSettings = {
				ASSETCATALOG_COMPILER_APPICON_NAME = AppIcon;
				CODE_SIGN_STYLE = Automatic;
				DEVELOPMENT_TEAM = W44ZWC57TC;
				INFOPLIST_FILE = "$(SRCROOT)/Menu/Info.plist";
				LD_RUNPATH_SEARCH_PATHS = (
					"$(inherited)",
					"@executable_path/Frameworks",
				);
				PRODUCT_BUNDLE_IDENTIFIER = com.doordash.Menu;
				PRODUCT_NAME = "$(TARGET_NAME)";
				SWIFT_VERSION = 5.0;
				TARGETED_DEVICE_FAMILY = "1,2";
			};
			name = Release;
		};
/* End XCBuildConfiguration section */

/* Begin XCConfigurationList section */
		1F66C164234661310006B1DE /* Build configuration list for PBXProject "Menu" */ = {
			isa = XCConfigurationList;
			buildConfigurations = (
				1F66C18F234661330006B1DE /* Debug */,
				1F66C190234661330006B1DE /* Release */,
			);
			defaultConfigurationIsVisible = 0;
			defaultConfigurationName = Release;
		};
		1F66C191234661330006B1DE /* Build configuration list for PBXNativeTarget "Menu" */ = {
			isa = XCConfigurationList;
			buildConfigurations = (
				1F66C192234661330006B1DE /* Debug */,
				1F66C193234661330006B1DE /* Release */,
			);
			defaultConfigurationIsVisible = 0;
			defaultConfigurationName = Release;
		};
/* End XCConfigurationList section */
	};
	rootObject = 1F66C161234661310006B1DE /* Project object */;
}
